// !$*UTF8*$!
{
	archiveVersion = 1;
	classes = {
	};
	objectVersion = 52;
	objects = {

/* Begin PBXBuildFile section */
		CC0096F824B12C3C003C86C7 /* WeatherBitLocation.swift in Sources */ = {isa = PBXBuildFile; fileRef = CC0096F724B12C3C003C86C7 /* WeatherBitLocation.swift */; };
		CC0096FA24B12C6E003C86C7 /* WeatherBit.Language.swift in Sources */ = {isa = PBXBuildFile; fileRef = CC0096F924B12C6E003C86C7 /* WeatherBit.Language.swift */; };
		CC0096FC24B12C9F003C86C7 /* WeatherBit+ResultData.swift in Sources */ = {isa = PBXBuildFile; fileRef = CC0096FB24B12C9F003C86C7 /* WeatherBit+ResultData.swift */; };
		CC00970024B1457A003C86C7 /* SWAPIClientTests.swift in Sources */ = {isa = PBXBuildFile; fileRef = CC187370240B1F2C009DD9F2 /* SWAPIClientTests.swift */; };
		CC06D92724A57B8D00A7AA8C /* MainWeatherViewContainerTests.swift in Sources */ = {isa = PBXBuildFile; fileRef = CC06D92624A57B8D00A7AA8C /* MainWeatherViewContainerTests.swift */; };
		CC0A160A24A57EF20048701D /* TermsViewControllerTests.swift in Sources */ = {isa = PBXBuildFile; fileRef = CC0A160924A57EF20048701D /* TermsViewControllerTests.swift */; };
		CC0A160E24A63CB90048701D /* PermissionsViewControllerTests.swift in Sources */ = {isa = PBXBuildFile; fileRef = CC0A160D24A63CB90048701D /* PermissionsViewControllerTests.swift */; };
		CC0A161424A64EE10048701D /* Terms.strings in Resources */ = {isa = PBXBuildFile; fileRef = CC0A161324A64EE10048701D /* Terms.strings */; };
		CC0D6ED4247E0A6800051A7F /* MainWeatherViewContainer.swift in Sources */ = {isa = PBXBuildFile; fileRef = CC0D6ED3247E0A6800051A7F /* MainWeatherViewContainer.swift */; };
		CC0D6ED9247E0AF100051A7F /* WeatherViewController.swift in Sources */ = {isa = PBXBuildFile; fileRef = CC0D6ED7247E0AF100051A7F /* WeatherViewController.swift */; };
		CC0D6EDD247E0B7900051A7F /* PlanetInfoViewController.swift in Sources */ = {isa = PBXBuildFile; fileRef = CC0D6EDB247E0B7900051A7F /* PlanetInfoViewController.swift */; };
		CC0D6EE8247E0DF400051A7F /* ApplicationRouter.swift in Sources */ = {isa = PBXBuildFile; fileRef = CC0D6EE7247E0DF400051A7F /* ApplicationRouter.swift */; };
		CC155A90247F03F200830A83 /* Storyboarded.swift in Sources */ = {isa = PBXBuildFile; fileRef = CC155A8F247F03F200830A83 /* Storyboarded.swift */; };
		CC155A94247F0AA600830A83 /* Weather.storyboard in Resources */ = {isa = PBXBuildFile; fileRef = CC155A93247F0AA600830A83 /* Weather.storyboard */; };
		CC155A96247F0AB700830A83 /* Terms.storyboard in Resources */ = {isa = PBXBuildFile; fileRef = CC155A95247F0AB700830A83 /* Terms.storyboard */; };
		CC155A98247F0AE200830A83 /* Permissions.storyboard in Resources */ = {isa = PBXBuildFile; fileRef = CC155A97247F0AE200830A83 /* Permissions.storyboard */; };
		CC19F7C824A5363E0071D26D /* PlanetInfoViewModel.swift in Sources */ = {isa = PBXBuildFile; fileRef = CC19F7C724A5363E0071D26D /* PlanetInfoViewModel.swift */; };
		CC1D192724A3E78A00B1DC21 /* PlanetInfoViewControllerTests.swift in Sources */ = {isa = PBXBuildFile; fileRef = CC1D192624A3E78A00B1DC21 /* PlanetInfoViewControllerTests.swift */; };
		CC1D192C24A3F3D800B1DC21 /* WeatherViewTests.swift in Sources */ = {isa = PBXBuildFile; fileRef = CC1D192B24A3F3D800B1DC21 /* WeatherViewTests.swift */; };
		CC2500DE24A3F5CB00165CEA /* WeatherViewControllerTests.swift in Sources */ = {isa = PBXBuildFile; fileRef = CC2500DD24A3F5CB00165CEA /* WeatherViewControllerTests.swift */; };
		CC2500E024A3FC1D00165CEA /* WeatherViewModel.swift in Sources */ = {isa = PBXBuildFile; fileRef = CC2500DF24A3FC1D00165CEA /* WeatherViewModel.swift */; };
		CC2500E224A3FC3800165CEA /* WeatherView.swift in Sources */ = {isa = PBXBuildFile; fileRef = CC2500E124A3FC3800165CEA /* WeatherView.swift */; };
		CC2806BB24A675E500ED7DA1 /* TermsPresenter.swift in Sources */ = {isa = PBXBuildFile; fileRef = CC2806BA24A675E500ED7DA1 /* TermsPresenter.swift */; };
		CC2806BF24A6761F00ED7DA1 /* TermsPresenterTests.swift in Sources */ = {isa = PBXBuildFile; fileRef = CC2806BE24A6761F00ED7DA1 /* TermsPresenterTests.swift */; };
		CC2806C124A6786E00ED7DA1 /* FetchTermsTextUseCase.swift in Sources */ = {isa = PBXBuildFile; fileRef = CC2806C024A6786E00ED7DA1 /* FetchTermsTextUseCase.swift */; };
		CC2806C324A6832300ED7DA1 /* FetchTermsTextUseCaseTests.swift in Sources */ = {isa = PBXBuildFile; fileRef = CC2806C224A6832300ED7DA1 /* FetchTermsTextUseCaseTests.swift */; };
		CC2806C624A68ACC00ED7DA1 /* TermsComposer.swift in Sources */ = {isa = PBXBuildFile; fileRef = CC2806C524A68ACC00ED7DA1 /* TermsComposer.swift */; };
		CC2806C824A6A41700ED7DA1 /* TermsRouter.swift in Sources */ = {isa = PBXBuildFile; fileRef = CC2806C724A6A41700ED7DA1 /* TermsRouter.swift */; };
		CC2806CA24A6A43B00ED7DA1 /* WeakRef.swift in Sources */ = {isa = PBXBuildFile; fileRef = CC2806C924A6A43B00ED7DA1 /* WeakRef.swift */; };
		CC2806CD24A6A53C00ED7DA1 /* WeakRef+TermsPresenterOutput.swift in Sources */ = {isa = PBXBuildFile; fileRef = CC2806CC24A6A53C00ED7DA1 /* WeakRef+TermsPresenterOutput.swift */; };
		CC2806D024A6A67A00ED7DA1 /* TermsComposerTests.swift in Sources */ = {isa = PBXBuildFile; fileRef = CC2806CE24A6A5BE00ED7DA1 /* TermsComposerTests.swift */; };
		CC28116724B111F4004EC0F5 /* WeatherBitClientAPI.swift in Sources */ = {isa = PBXBuildFile; fileRef = CC28116624B111F4004EC0F5 /* WeatherBitClientAPI.swift */; };
		CC28116924B11265004EC0F5 /* WeatherBit.Client.swift in Sources */ = {isa = PBXBuildFile; fileRef = CC28116824B11265004EC0F5 /* WeatherBit.Client.swift */; };
		CC341D1824B00A8200EFAFE1 /* WeatherPresenterTests.swift in Sources */ = {isa = PBXBuildFile; fileRef = CC341D1724B00A8200EFAFE1 /* WeatherPresenterTests.swift */; };
		CC341D1A24B00BA300EFAFE1 /* WeatherComposerTests.swift in Sources */ = {isa = PBXBuildFile; fileRef = CC341D1924B00BA300EFAFE1 /* WeatherComposerTests.swift */; };
		CC341D1C24B00C1700EFAFE1 /* WeatherInfoServiceTests.swift in Sources */ = {isa = PBXBuildFile; fileRef = CC341D1B24B00C1700EFAFE1 /* WeatherInfoServiceTests.swift */; };
		CC341D1E24B00CA900EFAFE1 /* PlanetComparisonServiceTests.swift in Sources */ = {isa = PBXBuildFile; fileRef = CC341D1D24B00CA900EFAFE1 /* PlanetComparisonServiceTests.swift */; };
		CC341D2024B00E6700EFAFE1 /* MainWeatherComposer.swift in Sources */ = {isa = PBXBuildFile; fileRef = CC341D1F24B00E6700EFAFE1 /* MainWeatherComposer.swift */; };
		CC341D2324B00FEC00EFAFE1 /* MainWeatherComposerTests.swift in Sources */ = {isa = PBXBuildFile; fileRef = CC341D2124B00FA200EFAFE1 /* MainWeatherComposerTests.swift */; };
		CC3C705224AD6ECA00EAC8FD /* MainQueueDispatchDecorator.swift in Sources */ = {isa = PBXBuildFile; fileRef = CC3C705124AD6ECA00EAC8FD /* MainQueueDispatchDecorator.swift */; };
		CC3C705424AD717200EAC8FD /* Permissions.strings in Resources */ = {isa = PBXBuildFile; fileRef = CC3C705324AD717200EAC8FD /* Permissions.strings */; };
		CC3C705624AD7BC700EAC8FD /* PermissionsViewControllerAdapter.swift in Sources */ = {isa = PBXBuildFile; fileRef = CC3C705524AD7BC700EAC8FD /* PermissionsViewControllerAdapter.swift */; };
		CC3C705824AD8DAF00EAC8FD /* LocationPermissionAdapter.swift in Sources */ = {isa = PBXBuildFile; fileRef = CC3C705724AD8DAF00EAC8FD /* LocationPermissionAdapter.swift */; };
		CC3FE12D24A53B8F0030A74B /* PlanetInfoView.swift in Sources */ = {isa = PBXBuildFile; fileRef = CC3FE12C24A53B8F0030A74B /* PlanetInfoView.swift */; };
		CC3FF4A024A6B44D00788AD2 /* PermissionsPresenter.swift in Sources */ = {isa = PBXBuildFile; fileRef = CC3FF49F24A6B44D00788AD2 /* PermissionsPresenter.swift */; };
		CC3FF4A224A6BA4E00788AD2 /* PermissionsComposer.swift in Sources */ = {isa = PBXBuildFile; fileRef = CC3FF4A124A6BA4E00788AD2 /* PermissionsComposer.swift */; };
		CC6A31EA24B250960008D88D /* SAKLocationManager.swift in Sources */ = {isa = PBXBuildFile; fileRef = CC6A31E924B250960008D88D /* SAKLocationManager.swift */; };
		CC6A31EC24B253930008D88D /* SAKLocationManagerCLADelegateAdapter.swift in Sources */ = {isa = PBXBuildFile; fileRef = CC6A31EB24B253930008D88D /* SAKLocationManagerCLADelegateAdapter.swift */; };
		CC6A31EF24B2718F0008D88D /* Location.swift in Sources */ = {isa = PBXBuildFile; fileRef = CC6A31EE24B2718F0008D88D /* Location.swift */; };
		CC6CC05324AE82F0009BF4F2 /* PermissionsRouter.swift in Sources */ = {isa = PBXBuildFile; fileRef = CC6CC05224AE82F0009BF4F2 /* PermissionsRouter.swift */; };
		CC6CC05524AE8480009BF4F2 /* RoutingActivity.swift in Sources */ = {isa = PBXBuildFile; fileRef = CC6CC05424AE8480009BF4F2 /* RoutingActivity.swift */; };
		CC6CC05924AE872D009BF4F2 /* PermissionsExplanationViewModel.swift in Sources */ = {isa = PBXBuildFile; fileRef = CC6CC05824AE872D009BF4F2 /* PermissionsExplanationViewModel.swift */; };
		CC6CC05C24AE875F009BF4F2 /* PermissionsAlertViewModel.swift in Sources */ = {isa = PBXBuildFile; fileRef = CC6CC05B24AE875F009BF4F2 /* PermissionsAlertViewModel.swift */; };
		CC6CC05E24AE878E009BF4F2 /* PermissionsGrantedViewModel.swift in Sources */ = {isa = PBXBuildFile; fileRef = CC6CC05D24AE878E009BF4F2 /* PermissionsGrantedViewModel.swift */; };
		CC6CC06224AECC3E009BF4F2 /* WeakRefTests.swift in Sources */ = {isa = PBXBuildFile; fileRef = CC6CC06124AECC3E009BF4F2 /* WeakRefTests.swift */; };
		CC6CC06724AECDFC009BF4F2 /* LocationPermissionsServiceMockTests.swift in Sources */ = {isa = PBXBuildFile; fileRef = CC6CC06624AECDFC009BF4F2 /* LocationPermissionsServiceMockTests.swift */; };
		CC6CC06924AED0B1009BF4F2 /* PermissionsPresenterTests.swift in Sources */ = {isa = PBXBuildFile; fileRef = CC6CC06824AED0B1009BF4F2 /* PermissionsPresenterTests.swift */; };
		CC6CC06B24AED553009BF4F2 /* PermissionsComposerTests.swift in Sources */ = {isa = PBXBuildFile; fileRef = CC6CC06A24AED553009BF4F2 /* PermissionsComposerTests.swift */; };
		CC6CC06E24AED5BE009BF4F2 /* PermissionsRouterTests.swift in Sources */ = {isa = PBXBuildFile; fileRef = CC6CC06D24AED5BE009BF4F2 /* PermissionsRouterTests.swift */; };
		CC6CC07024AFAC4C009BF4F2 /* LocationPermissionAdapterTests.swift in Sources */ = {isa = PBXBuildFile; fileRef = CC6CC06F24AFAC4C009BF4F2 /* LocationPermissionAdapterTests.swift */; };
		CC6CC07624AFB32D009BF4F2 /* TermsRouterTests.swift in Sources */ = {isa = PBXBuildFile; fileRef = CC6CC07524AFB32D009BF4F2 /* TermsRouterTests.swift */; };
		CC6CC07924AFB51C009BF4F2 /* PlanetInfoPresenter.swift in Sources */ = {isa = PBXBuildFile; fileRef = CC6CC07824AFB51C009BF4F2 /* PlanetInfoPresenter.swift */; };
		CC7BED2724B1A42700B96904 /* SWAPI.Page.swift in Sources */ = {isa = PBXBuildFile; fileRef = CC7BED2624B1A42700B96904 /* SWAPI.Page.swift */; };
		CC7BED2924B1B0BF00B96904 /* WeatherBitTests.swift in Sources */ = {isa = PBXBuildFile; fileRef = CCBB983D23F9A49800E53D22 /* WeatherBitTests.swift */; };
		CC84B53624AFE37B00554834 /* PlanetInfoComposer.swift in Sources */ = {isa = PBXBuildFile; fileRef = CC84B53524AFE37B00554834 /* PlanetInfoComposer.swift */; };
		CC84B53824AFE78000554834 /* PlanetInfoComposerTests.swift in Sources */ = {isa = PBXBuildFile; fileRef = CC84B53724AFE78000554834 /* PlanetInfoComposerTests.swift */; };
		CC84B53A24AFE94200554834 /* PlanetInfoPresenterTests.swift in Sources */ = {isa = PBXBuildFile; fileRef = CC84B53924AFE94200554834 /* PlanetInfoPresenterTests.swift */; };
		CC84B54124AFEB3600554834 /* PlanetComparisonService.swift in Sources */ = {isa = PBXBuildFile; fileRef = CC84B54024AFEB3600554834 /* PlanetComparisonService.swift */; };
		CC84B54424B0045C00554834 /* WeatherPresenter.swift in Sources */ = {isa = PBXBuildFile; fileRef = CC84B54324B0045C00554834 /* WeatherPresenter.swift */; };
		CC84B54724B0050400554834 /* WeatherInfoService.swift in Sources */ = {isa = PBXBuildFile; fileRef = CC84B54624B0050400554834 /* WeatherInfoService.swift */; };
		CC84B54924B007AB00554834 /* WeatherComposer.swift in Sources */ = {isa = PBXBuildFile; fileRef = CC84B54824B007AB00554834 /* WeatherComposer.swift */; };
		CC87F380246AF65800E15EFD /* PermissionsViewController.swift in Sources */ = {isa = PBXBuildFile; fileRef = CC87F37F246AF65800E15EFD /* PermissionsViewController.swift */; };
		CC8E535B24B0F786006DA8D3 /* WeatherBitAPIModel.swift in Sources */ = {isa = PBXBuildFile; fileRef = CC8E535A24B0F786006DA8D3 /* WeatherBitAPIModel.swift */; };
		CC8E5F5023E1F8D900893D8A /* AppDelegate.swift in Sources */ = {isa = PBXBuildFile; fileRef = CC8E5F4F23E1F8D900893D8A /* AppDelegate.swift */; };
		CC8E5F5223E1F8D900893D8A /* SceneDelegate.swift in Sources */ = {isa = PBXBuildFile; fileRef = CC8E5F5123E1F8D900893D8A /* SceneDelegate.swift */; };
		CC8E5F5423E1F8D900893D8A /* TermsViewController.swift in Sources */ = {isa = PBXBuildFile; fileRef = CC8E5F5323E1F8D900893D8A /* TermsViewController.swift */; };
		CC8E5F5923E1F8D900893D8A /* Assets.xcassets in Resources */ = {isa = PBXBuildFile; fileRef = CC8E5F5823E1F8D900893D8A /* Assets.xcassets */; };
		CC8E5F5C23E1F8D900893D8A /* LaunchScreen.storyboard in Resources */ = {isa = PBXBuildFile; fileRef = CC8E5F5A23E1F8D900893D8A /* LaunchScreen.storyboard */; };
		CC8E5F7223E1F8DA00893D8A /* FarAwayComparisonUITests.swift in Sources */ = {isa = PBXBuildFile; fileRef = CC8E5F7123E1F8DA00893D8A /* FarAwayComparisonUITests.swift */; };
		CC8E5F8223E2156600893D8A /* Alamofire in Frameworks */ = {isa = PBXBuildFile; productRef = CC8E5F8123E2156600893D8A /* Alamofire */; };
		CC92E1C724A3E116007A4925 /* PlanetInfoViewTests.swift in Sources */ = {isa = PBXBuildFile; fileRef = CC92E1C624A3E116007A4925 /* PlanetInfoViewTests.swift */; };
		CC9754CF24A2C72C00110DB0 /* WeatherView.storyboard in Resources */ = {isa = PBXBuildFile; fileRef = CC9754CE24A2C72C00110DB0 /* WeatherView.storyboard */; };
		CC9754D124A2D3FE00110DB0 /* PlanetInfoView.storyboard in Resources */ = {isa = PBXBuildFile; fileRef = CC9754D024A2D3FE00110DB0 /* PlanetInfoView.storyboard */; };
		CC9754D524A2D51F00110DB0 /* ForeignPlanetView.swift in Sources */ = {isa = PBXBuildFile; fileRef = CC9754D424A2D51F00110DB0 /* ForeignPlanetView.swift */; };
		CCAA72B724B181A0001C75B7 /* SWAPI.swift in Sources */ = {isa = PBXBuildFile; fileRef = CCAA72B624B1819F001C75B7 /* SWAPI.swift */; };
		CCAA72BA24B18203001C75B7 /* SWAPI.Person.swift in Sources */ = {isa = PBXBuildFile; fileRef = CCAA72B924B18203001C75B7 /* SWAPI.Person.swift */; };
		CCAA72BC24B182C8001C75B7 /* SWAPI.Planet.swift in Sources */ = {isa = PBXBuildFile; fileRef = CCAA72BB24B182C8001C75B7 /* SWAPI.Planet.swift */; };
		CCAA72BE24B18354001C75B7 /* SWAPI.Starship.swift in Sources */ = {isa = PBXBuildFile; fileRef = CCAA72BD24B18354001C75B7 /* SWAPI.Starship.swift */; };
		CCAA72C024B183EE001C75B7 /* SWAPI.Species.swift in Sources */ = {isa = PBXBuildFile; fileRef = CCAA72BF24B183EE001C75B7 /* SWAPI.Species.swift */; };
		CCAA72C224B18470001C75B7 /* SWAPI.Film.swift in Sources */ = {isa = PBXBuildFile; fileRef = CCAA72C124B18470001C75B7 /* SWAPI.Film.swift */; };
		CCAA72C424B18502001C75B7 /* SWAPI.Vehicle.swift in Sources */ = {isa = PBXBuildFile; fileRef = CCAA72C324B18502001C75B7 /* SWAPI.Vehicle.swift */; };
		CCAA72C624B18669001C75B7 /* SWAPIClient.swift in Sources */ = {isa = PBXBuildFile; fileRef = CCAA72C524B18669001C75B7 /* SWAPIClient.swift */; };
		CCAA72C824B18683001C75B7 /* SWAPI.Client.swift in Sources */ = {isa = PBXBuildFile; fileRef = CCAA72C724B18683001C75B7 /* SWAPI.Client.swift */; };
		CCAA72CA24B187E5001C75B7 /* SWAPIResource.swift in Sources */ = {isa = PBXBuildFile; fileRef = CCAA72C924B187E5001C75B7 /* SWAPIResource.swift */; };
		CCAA72CD24B18A8D001C75B7 /* SWAPI.Attribute.swift in Sources */ = {isa = PBXBuildFile; fileRef = CCAA72CC24B18A8D001C75B7 /* SWAPI.Attribute.swift */; };
		CCAA72CF24B18B2F001C75B7 /* SWAPI.Format.swift in Sources */ = {isa = PBXBuildFile; fileRef = CCAA72CE24B18B2F001C75B7 /* SWAPI.Format.swift */; };
		CCAA72D124B19F65001C75B7 /* JSONDecoder.DateDecodingStrategy.swift in Sources */ = {isa = PBXBuildFile; fileRef = CCAA72D024B19F65001C75B7 /* JSONDecoder.DateDecodingStrategy.swift */; };
		CCBB983C23F99B2E00E53D22 /* MainBundleInfo.swift in Sources */ = {isa = PBXBuildFile; fileRef = CCBB983B23F99B2E00E53D22 /* MainBundleInfo.swift */; };
		CCC31A1E248EF12F00D499E4 /* RootViewController.swift in Sources */ = {isa = PBXBuildFile; fileRef = CCC31A1D248EF12F00D499E4 /* RootViewController.swift */; };
		CCC31A21248EF18000D499E4 /* Root.storyboard in Resources */ = {isa = PBXBuildFile; fileRef = CCC31A20248EF18000D499E4 /* Root.storyboard */; };
		CCC31A27248EF3EA00D499E4 /* UIViewController+FullScreen.swift in Sources */ = {isa = PBXBuildFile; fileRef = CCC31A26248EF3EA00D499E4 /* UIViewController+FullScreen.swift */; };
		CCD88D6424A25CFD00456D0B /* PlanetInfoBinderView.swift in Sources */ = {isa = PBXBuildFile; fileRef = CCD88D6324A25CFD00456D0B /* PlanetInfoBinderView.swift */; };
		CCD88D6624A26BD500456D0B /* WeatherBinderView.swift in Sources */ = {isa = PBXBuildFile; fileRef = CCD88D6524A26BD500456D0B /* WeatherBinderView.swift */; };
		CCD88D6924A26DBF00456D0B /* ImageAndLabelView.swift in Sources */ = {isa = PBXBuildFile; fileRef = CCD88D6824A26DBF00456D0B /* ImageAndLabelView.swift */; };
		CCE4EEFF24AD253B00F420AC /* LocationPermissionsServiceMock.swift in Sources */ = {isa = PBXBuildFile; fileRef = CCE4EEFE24AD253B00F420AC /* LocationPermissionsServiceMock.swift */; };
/* End PBXBuildFile section */

/* Begin PBXContainerItemProxy section */
		CC8E5F6323E1F8DA00893D8A /* PBXContainerItemProxy */ = {
			isa = PBXContainerItemProxy;
			containerPortal = CC8E5F4423E1F8D900893D8A /* Project object */;
			proxyType = 1;
			remoteGlobalIDString = CC8E5F4B23E1F8D900893D8A;
			remoteInfo = FarAwayComparison;
		};
		CC8E5F6E23E1F8DA00893D8A /* PBXContainerItemProxy */ = {
			isa = PBXContainerItemProxy;
			containerPortal = CC8E5F4423E1F8D900893D8A /* Project object */;
			proxyType = 1;
			remoteGlobalIDString = CC8E5F4B23E1F8D900893D8A;
			remoteInfo = FarAwayComparison;
		};
/* End PBXContainerItemProxy section */

/* Begin PBXFileReference section */
		CC0096F724B12C3C003C86C7 /* WeatherBitLocation.swift */ = {isa = PBXFileReference; lastKnownFileType = sourcecode.swift; path = WeatherBitLocation.swift; sourceTree = "<group>"; };
		CC0096F924B12C6E003C86C7 /* WeatherBit.Language.swift */ = {isa = PBXFileReference; lastKnownFileType = sourcecode.swift; path = WeatherBit.Language.swift; sourceTree = "<group>"; };
		CC0096FB24B12C9F003C86C7 /* WeatherBit+ResultData.swift */ = {isa = PBXFileReference; lastKnownFileType = sourcecode.swift; path = "WeatherBit+ResultData.swift"; sourceTree = "<group>"; };
		CC06D92624A57B8D00A7AA8C /* MainWeatherViewContainerTests.swift */ = {isa = PBXFileReference; lastKnownFileType = sourcecode.swift; path = MainWeatherViewContainerTests.swift; sourceTree = "<group>"; };
		CC0A160924A57EF20048701D /* TermsViewControllerTests.swift */ = {isa = PBXFileReference; lastKnownFileType = sourcecode.swift; path = TermsViewControllerTests.swift; sourceTree = "<group>"; };
		CC0A160D24A63CB90048701D /* PermissionsViewControllerTests.swift */ = {isa = PBXFileReference; lastKnownFileType = sourcecode.swift; path = PermissionsViewControllerTests.swift; sourceTree = "<group>"; };
		CC0A161324A64EE10048701D /* Terms.strings */ = {isa = PBXFileReference; lastKnownFileType = text.plist.strings; path = Terms.strings; sourceTree = "<group>"; };
		CC0D6ED3247E0A6800051A7F /* MainWeatherViewContainer.swift */ = {isa = PBXFileReference; lastKnownFileType = sourcecode.swift; path = MainWeatherViewContainer.swift; sourceTree = "<group>"; };
		CC0D6ED7247E0AF100051A7F /* WeatherViewController.swift */ = {isa = PBXFileReference; lastKnownFileType = sourcecode.swift; path = WeatherViewController.swift; sourceTree = "<group>"; };
		CC0D6EDB247E0B7900051A7F /* PlanetInfoViewController.swift */ = {isa = PBXFileReference; lastKnownFileType = sourcecode.swift; path = PlanetInfoViewController.swift; sourceTree = "<group>"; };
		CC0D6EE7247E0DF400051A7F /* ApplicationRouter.swift */ = {isa = PBXFileReference; lastKnownFileType = sourcecode.swift; path = ApplicationRouter.swift; sourceTree = "<group>"; };
		CC155A8F247F03F200830A83 /* Storyboarded.swift */ = {isa = PBXFileReference; lastKnownFileType = sourcecode.swift; path = Storyboarded.swift; sourceTree = "<group>"; };
		CC155A93247F0AA600830A83 /* Weather.storyboard */ = {isa = PBXFileReference; fileEncoding = 4; lastKnownFileType = file.storyboard; path = Weather.storyboard; sourceTree = "<group>"; };
		CC155A95247F0AB700830A83 /* Terms.storyboard */ = {isa = PBXFileReference; fileEncoding = 4; lastKnownFileType = file.storyboard; path = Terms.storyboard; sourceTree = "<group>"; };
		CC155A97247F0AE200830A83 /* Permissions.storyboard */ = {isa = PBXFileReference; lastKnownFileType = file.storyboard; path = Permissions.storyboard; sourceTree = "<group>"; };
		CC187370240B1F2C009DD9F2 /* SWAPIClientTests.swift */ = {isa = PBXFileReference; fileEncoding = 4; lastKnownFileType = sourcecode.swift; path = SWAPIClientTests.swift; sourceTree = "<group>"; };
		CC19F7C724A5363E0071D26D /* PlanetInfoViewModel.swift */ = {isa = PBXFileReference; lastKnownFileType = sourcecode.swift; path = PlanetInfoViewModel.swift; sourceTree = "<group>"; };
		CC1D192624A3E78A00B1DC21 /* PlanetInfoViewControllerTests.swift */ = {isa = PBXFileReference; lastKnownFileType = sourcecode.swift; path = PlanetInfoViewControllerTests.swift; sourceTree = "<group>"; };
		CC1D192B24A3F3D800B1DC21 /* WeatherViewTests.swift */ = {isa = PBXFileReference; lastKnownFileType = sourcecode.swift; path = WeatherViewTests.swift; sourceTree = "<group>"; };
		CC2500DD24A3F5CB00165CEA /* WeatherViewControllerTests.swift */ = {isa = PBXFileReference; lastKnownFileType = sourcecode.swift; path = WeatherViewControllerTests.swift; sourceTree = "<group>"; };
		CC2500DF24A3FC1D00165CEA /* WeatherViewModel.swift */ = {isa = PBXFileReference; lastKnownFileType = sourcecode.swift; path = WeatherViewModel.swift; sourceTree = "<group>"; };
		CC2500E124A3FC3800165CEA /* WeatherView.swift */ = {isa = PBXFileReference; lastKnownFileType = sourcecode.swift; path = WeatherView.swift; sourceTree = "<group>"; };
		CC2806BA24A675E500ED7DA1 /* TermsPresenter.swift */ = {isa = PBXFileReference; lastKnownFileType = sourcecode.swift; path = TermsPresenter.swift; sourceTree = "<group>"; };
		CC2806BE24A6761F00ED7DA1 /* TermsPresenterTests.swift */ = {isa = PBXFileReference; lastKnownFileType = sourcecode.swift; path = TermsPresenterTests.swift; sourceTree = "<group>"; };
		CC2806C024A6786E00ED7DA1 /* FetchTermsTextUseCase.swift */ = {isa = PBXFileReference; lastKnownFileType = sourcecode.swift; path = FetchTermsTextUseCase.swift; sourceTree = "<group>"; };
		CC2806C224A6832300ED7DA1 /* FetchTermsTextUseCaseTests.swift */ = {isa = PBXFileReference; lastKnownFileType = sourcecode.swift; path = FetchTermsTextUseCaseTests.swift; sourceTree = "<group>"; };
		CC2806C524A68ACC00ED7DA1 /* TermsComposer.swift */ = {isa = PBXFileReference; lastKnownFileType = sourcecode.swift; path = TermsComposer.swift; sourceTree = "<group>"; };
		CC2806C724A6A41700ED7DA1 /* TermsRouter.swift */ = {isa = PBXFileReference; lastKnownFileType = sourcecode.swift; path = TermsRouter.swift; sourceTree = "<group>"; };
		CC2806C924A6A43B00ED7DA1 /* WeakRef.swift */ = {isa = PBXFileReference; lastKnownFileType = sourcecode.swift; path = WeakRef.swift; sourceTree = "<group>"; };
		CC2806CC24A6A53C00ED7DA1 /* WeakRef+TermsPresenterOutput.swift */ = {isa = PBXFileReference; lastKnownFileType = sourcecode.swift; path = "WeakRef+TermsPresenterOutput.swift"; sourceTree = "<group>"; };
		CC2806CE24A6A5BE00ED7DA1 /* TermsComposerTests.swift */ = {isa = PBXFileReference; lastKnownFileType = sourcecode.swift; path = TermsComposerTests.swift; sourceTree = "<group>"; };
		CC28116624B111F4004EC0F5 /* WeatherBitClientAPI.swift */ = {isa = PBXFileReference; lastKnownFileType = sourcecode.swift; path = WeatherBitClientAPI.swift; sourceTree = "<group>"; };
		CC28116824B11265004EC0F5 /* WeatherBit.Client.swift */ = {isa = PBXFileReference; lastKnownFileType = sourcecode.swift; path = WeatherBit.Client.swift; sourceTree = "<group>"; };
		CC341D1724B00A8200EFAFE1 /* WeatherPresenterTests.swift */ = {isa = PBXFileReference; lastKnownFileType = sourcecode.swift; path = WeatherPresenterTests.swift; sourceTree = "<group>"; };
		CC341D1924B00BA300EFAFE1 /* WeatherComposerTests.swift */ = {isa = PBXFileReference; lastKnownFileType = sourcecode.swift; path = WeatherComposerTests.swift; sourceTree = "<group>"; };
		CC341D1B24B00C1700EFAFE1 /* WeatherInfoServiceTests.swift */ = {isa = PBXFileReference; lastKnownFileType = sourcecode.swift; path = WeatherInfoServiceTests.swift; sourceTree = "<group>"; };
		CC341D1D24B00CA900EFAFE1 /* PlanetComparisonServiceTests.swift */ = {isa = PBXFileReference; lastKnownFileType = sourcecode.swift; path = PlanetComparisonServiceTests.swift; sourceTree = "<group>"; };
		CC341D1F24B00E6700EFAFE1 /* MainWeatherComposer.swift */ = {isa = PBXFileReference; lastKnownFileType = sourcecode.swift; path = MainWeatherComposer.swift; sourceTree = "<group>"; };
		CC341D2124B00FA200EFAFE1 /* MainWeatherComposerTests.swift */ = {isa = PBXFileReference; lastKnownFileType = sourcecode.swift; path = MainWeatherComposerTests.swift; sourceTree = "<group>"; };
		CC3C705124AD6ECA00EAC8FD /* MainQueueDispatchDecorator.swift */ = {isa = PBXFileReference; lastKnownFileType = sourcecode.swift; path = MainQueueDispatchDecorator.swift; sourceTree = "<group>"; };
		CC3C705324AD717200EAC8FD /* Permissions.strings */ = {isa = PBXFileReference; lastKnownFileType = text.plist.strings; path = Permissions.strings; sourceTree = "<group>"; };
		CC3C705524AD7BC700EAC8FD /* PermissionsViewControllerAdapter.swift */ = {isa = PBXFileReference; lastKnownFileType = sourcecode.swift; path = PermissionsViewControllerAdapter.swift; sourceTree = "<group>"; };
		CC3C705724AD8DAF00EAC8FD /* LocationPermissionAdapter.swift */ = {isa = PBXFileReference; lastKnownFileType = sourcecode.swift; path = LocationPermissionAdapter.swift; sourceTree = "<group>"; };
		CC3FE12C24A53B8F0030A74B /* PlanetInfoView.swift */ = {isa = PBXFileReference; lastKnownFileType = sourcecode.swift; path = PlanetInfoView.swift; sourceTree = "<group>"; };
		CC3FF49F24A6B44D00788AD2 /* PermissionsPresenter.swift */ = {isa = PBXFileReference; lastKnownFileType = sourcecode.swift; path = PermissionsPresenter.swift; sourceTree = "<group>"; };
		CC3FF4A124A6BA4E00788AD2 /* PermissionsComposer.swift */ = {isa = PBXFileReference; lastKnownFileType = sourcecode.swift; path = PermissionsComposer.swift; sourceTree = "<group>"; };
		CC6A31E924B250960008D88D /* SAKLocationManager.swift */ = {isa = PBXFileReference; lastKnownFileType = sourcecode.swift; path = SAKLocationManager.swift; sourceTree = "<group>"; };
		CC6A31EB24B253930008D88D /* SAKLocationManagerCLADelegateAdapter.swift */ = {isa = PBXFileReference; lastKnownFileType = sourcecode.swift; path = SAKLocationManagerCLADelegateAdapter.swift; sourceTree = "<group>"; };
		CC6A31EE24B2718F0008D88D /* Location.swift */ = {isa = PBXFileReference; lastKnownFileType = sourcecode.swift; path = Location.swift; sourceTree = "<group>"; };
		CC6CC05224AE82F0009BF4F2 /* PermissionsRouter.swift */ = {isa = PBXFileReference; lastKnownFileType = sourcecode.swift; path = PermissionsRouter.swift; sourceTree = "<group>"; };
		CC6CC05424AE8480009BF4F2 /* RoutingActivity.swift */ = {isa = PBXFileReference; lastKnownFileType = sourcecode.swift; path = RoutingActivity.swift; sourceTree = "<group>"; };
		CC6CC05824AE872D009BF4F2 /* PermissionsExplanationViewModel.swift */ = {isa = PBXFileReference; lastKnownFileType = sourcecode.swift; path = PermissionsExplanationViewModel.swift; sourceTree = "<group>"; };
		CC6CC05B24AE875F009BF4F2 /* PermissionsAlertViewModel.swift */ = {isa = PBXFileReference; lastKnownFileType = sourcecode.swift; path = PermissionsAlertViewModel.swift; sourceTree = "<group>"; };
		CC6CC05D24AE878E009BF4F2 /* PermissionsGrantedViewModel.swift */ = {isa = PBXFileReference; lastKnownFileType = sourcecode.swift; path = PermissionsGrantedViewModel.swift; sourceTree = "<group>"; };
		CC6CC06124AECC3E009BF4F2 /* WeakRefTests.swift */ = {isa = PBXFileReference; lastKnownFileType = sourcecode.swift; path = WeakRefTests.swift; sourceTree = "<group>"; };
		CC6CC06624AECDFC009BF4F2 /* LocationPermissionsServiceMockTests.swift */ = {isa = PBXFileReference; lastKnownFileType = sourcecode.swift; path = LocationPermissionsServiceMockTests.swift; sourceTree = "<group>"; };
		CC6CC06824AED0B1009BF4F2 /* PermissionsPresenterTests.swift */ = {isa = PBXFileReference; lastKnownFileType = sourcecode.swift; path = PermissionsPresenterTests.swift; sourceTree = "<group>"; };
		CC6CC06A24AED553009BF4F2 /* PermissionsComposerTests.swift */ = {isa = PBXFileReference; lastKnownFileType = sourcecode.swift; path = PermissionsComposerTests.swift; sourceTree = "<group>"; };
		CC6CC06D24AED5BE009BF4F2 /* PermissionsRouterTests.swift */ = {isa = PBXFileReference; lastKnownFileType = sourcecode.swift; path = PermissionsRouterTests.swift; sourceTree = "<group>"; };
		CC6CC06F24AFAC4C009BF4F2 /* LocationPermissionAdapterTests.swift */ = {isa = PBXFileReference; lastKnownFileType = sourcecode.swift; path = LocationPermissionAdapterTests.swift; sourceTree = "<group>"; };
		CC6CC07524AFB32D009BF4F2 /* TermsRouterTests.swift */ = {isa = PBXFileReference; lastKnownFileType = sourcecode.swift; path = TermsRouterTests.swift; sourceTree = "<group>"; };
		CC6CC07824AFB51C009BF4F2 /* PlanetInfoPresenter.swift */ = {isa = PBXFileReference; lastKnownFileType = sourcecode.swift; path = PlanetInfoPresenter.swift; sourceTree = "<group>"; };
		CC7BED2624B1A42700B96904 /* SWAPI.Page.swift */ = {isa = PBXFileReference; lastKnownFileType = sourcecode.swift; path = SWAPI.Page.swift; sourceTree = "<group>"; };
		CC84B53524AFE37B00554834 /* PlanetInfoComposer.swift */ = {isa = PBXFileReference; lastKnownFileType = sourcecode.swift; path = PlanetInfoComposer.swift; sourceTree = "<group>"; };
		CC84B53724AFE78000554834 /* PlanetInfoComposerTests.swift */ = {isa = PBXFileReference; lastKnownFileType = sourcecode.swift; path = PlanetInfoComposerTests.swift; sourceTree = "<group>"; };
		CC84B53924AFE94200554834 /* PlanetInfoPresenterTests.swift */ = {isa = PBXFileReference; lastKnownFileType = sourcecode.swift; path = PlanetInfoPresenterTests.swift; sourceTree = "<group>"; };
		CC84B54024AFEB3600554834 /* PlanetComparisonService.swift */ = {isa = PBXFileReference; lastKnownFileType = sourcecode.swift; path = PlanetComparisonService.swift; sourceTree = "<group>"; };
		CC84B54324B0045C00554834 /* WeatherPresenter.swift */ = {isa = PBXFileReference; lastKnownFileType = sourcecode.swift; path = WeatherPresenter.swift; sourceTree = "<group>"; };
		CC84B54624B0050400554834 /* WeatherInfoService.swift */ = {isa = PBXFileReference; lastKnownFileType = sourcecode.swift; path = WeatherInfoService.swift; sourceTree = "<group>"; };
		CC84B54824B007AB00554834 /* WeatherComposer.swift */ = {isa = PBXFileReference; lastKnownFileType = sourcecode.swift; path = WeatherComposer.swift; sourceTree = "<group>"; };
		CC87F37F246AF65800E15EFD /* PermissionsViewController.swift */ = {isa = PBXFileReference; lastKnownFileType = sourcecode.swift; path = PermissionsViewController.swift; sourceTree = "<group>"; };
		CC8E535A24B0F786006DA8D3 /* WeatherBitAPIModel.swift */ = {isa = PBXFileReference; lastKnownFileType = sourcecode.swift; path = WeatherBitAPIModel.swift; sourceTree = "<group>"; };
		CC8E5F4C23E1F8D900893D8A /* FarAwayComparison.app */ = {isa = PBXFileReference; explicitFileType = wrapper.application; includeInIndex = 0; path = FarAwayComparison.app; sourceTree = BUILT_PRODUCTS_DIR; };
		CC8E5F4F23E1F8D900893D8A /* AppDelegate.swift */ = {isa = PBXFileReference; lastKnownFileType = sourcecode.swift; path = AppDelegate.swift; sourceTree = "<group>"; };
		CC8E5F5123E1F8D900893D8A /* SceneDelegate.swift */ = {isa = PBXFileReference; lastKnownFileType = sourcecode.swift; path = SceneDelegate.swift; sourceTree = "<group>"; };
		CC8E5F5323E1F8D900893D8A /* TermsViewController.swift */ = {isa = PBXFileReference; lastKnownFileType = sourcecode.swift; path = TermsViewController.swift; sourceTree = "<group>"; };
		CC8E5F5823E1F8D900893D8A /* Assets.xcassets */ = {isa = PBXFileReference; lastKnownFileType = folder.assetcatalog; path = Assets.xcassets; sourceTree = "<group>"; };
		CC8E5F5B23E1F8D900893D8A /* Base */ = {isa = PBXFileReference; lastKnownFileType = file.storyboard; name = Base; path = Base.lproj/LaunchScreen.storyboard; sourceTree = "<group>"; };
		CC8E5F5D23E1F8D900893D8A /* Info.plist */ = {isa = PBXFileReference; lastKnownFileType = text.plist.xml; path = Info.plist; sourceTree = "<group>"; };
		CC8E5F6223E1F8DA00893D8A /* FarAwayComparisonTests.xctest */ = {isa = PBXFileReference; explicitFileType = wrapper.cfbundle; includeInIndex = 0; path = FarAwayComparisonTests.xctest; sourceTree = BUILT_PRODUCTS_DIR; };
		CC8E5F6823E1F8DA00893D8A /* Info.plist */ = {isa = PBXFileReference; lastKnownFileType = text.plist.xml; path = Info.plist; sourceTree = "<group>"; };
		CC8E5F6D23E1F8DA00893D8A /* FarAwayComparisonUITests.xctest */ = {isa = PBXFileReference; explicitFileType = wrapper.cfbundle; includeInIndex = 0; path = FarAwayComparisonUITests.xctest; sourceTree = BUILT_PRODUCTS_DIR; };
		CC8E5F7123E1F8DA00893D8A /* FarAwayComparisonUITests.swift */ = {isa = PBXFileReference; lastKnownFileType = sourcecode.swift; path = FarAwayComparisonUITests.swift; sourceTree = "<group>"; };
		CC8E5F7323E1F8DA00893D8A /* Info.plist */ = {isa = PBXFileReference; lastKnownFileType = text.plist.xml; path = Info.plist; sourceTree = "<group>"; };
		CC8E5F8323E2158000893D8A /* AlamoFireTests.swift */ = {isa = PBXFileReference; lastKnownFileType = sourcecode.swift; path = AlamoFireTests.swift; sourceTree = "<group>"; };
		CC8E5F8623E2442700893D8A /* README.md */ = {isa = PBXFileReference; lastKnownFileType = net.daringfireball.markdown; path = README.md; sourceTree = "<group>"; };
		CC92E1C624A3E116007A4925 /* PlanetInfoViewTests.swift */ = {isa = PBXFileReference; lastKnownFileType = sourcecode.swift; path = PlanetInfoViewTests.swift; sourceTree = "<group>"; };
		CC9754CE24A2C72C00110DB0 /* WeatherView.storyboard */ = {isa = PBXFileReference; lastKnownFileType = file.storyboard; path = WeatherView.storyboard; sourceTree = "<group>"; };
		CC9754D024A2D3FE00110DB0 /* PlanetInfoView.storyboard */ = {isa = PBXFileReference; lastKnownFileType = file.storyboard; path = PlanetInfoView.storyboard; sourceTree = "<group>"; };
		CC9754D424A2D51F00110DB0 /* ForeignPlanetView.swift */ = {isa = PBXFileReference; lastKnownFileType = sourcecode.swift; path = ForeignPlanetView.swift; sourceTree = "<group>"; };
		CCAA72B624B1819F001C75B7 /* SWAPI.swift */ = {isa = PBXFileReference; lastKnownFileType = sourcecode.swift; path = SWAPI.swift; sourceTree = "<group>"; };
		CCAA72B924B18203001C75B7 /* SWAPI.Person.swift */ = {isa = PBXFileReference; lastKnownFileType = sourcecode.swift; path = SWAPI.Person.swift; sourceTree = "<group>"; };
		CCAA72BB24B182C8001C75B7 /* SWAPI.Planet.swift */ = {isa = PBXFileReference; lastKnownFileType = sourcecode.swift; path = SWAPI.Planet.swift; sourceTree = "<group>"; };
		CCAA72BD24B18354001C75B7 /* SWAPI.Starship.swift */ = {isa = PBXFileReference; lastKnownFileType = sourcecode.swift; path = SWAPI.Starship.swift; sourceTree = "<group>"; };
		CCAA72BF24B183EE001C75B7 /* SWAPI.Species.swift */ = {isa = PBXFileReference; lastKnownFileType = sourcecode.swift; path = SWAPI.Species.swift; sourceTree = "<group>"; };
		CCAA72C124B18470001C75B7 /* SWAPI.Film.swift */ = {isa = PBXFileReference; lastKnownFileType = sourcecode.swift; path = SWAPI.Film.swift; sourceTree = "<group>"; };
		CCAA72C324B18502001C75B7 /* SWAPI.Vehicle.swift */ = {isa = PBXFileReference; lastKnownFileType = sourcecode.swift; path = SWAPI.Vehicle.swift; sourceTree = "<group>"; };
		CCAA72C524B18669001C75B7 /* SWAPIClient.swift */ = {isa = PBXFileReference; lastKnownFileType = sourcecode.swift; path = SWAPIClient.swift; sourceTree = "<group>"; };
		CCAA72C724B18683001C75B7 /* SWAPI.Client.swift */ = {isa = PBXFileReference; lastKnownFileType = sourcecode.swift; path = SWAPI.Client.swift; sourceTree = "<group>"; };
		CCAA72C924B187E5001C75B7 /* SWAPIResource.swift */ = {isa = PBXFileReference; lastKnownFileType = sourcecode.swift; path = SWAPIResource.swift; sourceTree = "<group>"; };
		CCAA72CC24B18A8D001C75B7 /* SWAPI.Attribute.swift */ = {isa = PBXFileReference; lastKnownFileType = sourcecode.swift; path = SWAPI.Attribute.swift; sourceTree = "<group>"; };
		CCAA72CE24B18B2F001C75B7 /* SWAPI.Format.swift */ = {isa = PBXFileReference; lastKnownFileType = sourcecode.swift; path = SWAPI.Format.swift; sourceTree = "<group>"; };
		CCAA72D024B19F65001C75B7 /* JSONDecoder.DateDecodingStrategy.swift */ = {isa = PBXFileReference; lastKnownFileType = sourcecode.swift; path = JSONDecoder.DateDecodingStrategy.swift; sourceTree = "<group>"; };
		CCBB983823F997CC00E53D22 /* Debug.xcconfig */ = {isa = PBXFileReference; lastKnownFileType = text.xcconfig; path = Debug.xcconfig; sourceTree = "<group>"; };
		CCBB983B23F99B2E00E53D22 /* MainBundleInfo.swift */ = {isa = PBXFileReference; lastKnownFileType = sourcecode.swift; path = MainBundleInfo.swift; sourceTree = "<group>"; };
		CCBB983D23F9A49800E53D22 /* WeatherBitTests.swift */ = {isa = PBXFileReference; lastKnownFileType = sourcecode.swift; path = WeatherBitTests.swift; sourceTree = "<group>"; };
		CCC31A1D248EF12F00D499E4 /* RootViewController.swift */ = {isa = PBXFileReference; lastKnownFileType = sourcecode.swift; path = RootViewController.swift; sourceTree = "<group>"; };
		CCC31A20248EF18000D499E4 /* Root.storyboard */ = {isa = PBXFileReference; lastKnownFileType = file.storyboard; path = Root.storyboard; sourceTree = "<group>"; };
		CCC31A26248EF3EA00D499E4 /* UIViewController+FullScreen.swift */ = {isa = PBXFileReference; lastKnownFileType = sourcecode.swift; path = "UIViewController+FullScreen.swift"; sourceTree = "<group>"; };
		CCD88D6324A25CFD00456D0B /* PlanetInfoBinderView.swift */ = {isa = PBXFileReference; lastKnownFileType = sourcecode.swift; path = PlanetInfoBinderView.swift; sourceTree = "<group>"; };
		CCD88D6524A26BD500456D0B /* WeatherBinderView.swift */ = {isa = PBXFileReference; lastKnownFileType = sourcecode.swift; path = WeatherBinderView.swift; sourceTree = "<group>"; };
		CCD88D6824A26DBF00456D0B /* ImageAndLabelView.swift */ = {isa = PBXFileReference; lastKnownFileType = sourcecode.swift; path = ImageAndLabelView.swift; sourceTree = "<group>"; };
		CCE4EEFE24AD253B00F420AC /* LocationPermissionsServiceMock.swift */ = {isa = PBXFileReference; lastKnownFileType = sourcecode.swift; path = LocationPermissionsServiceMock.swift; sourceTree = "<group>"; };
/* End PBXFileReference section */

/* Begin PBXFrameworksBuildPhase section */
		CC8E5F4923E1F8D900893D8A /* Frameworks */ = {
			isa = PBXFrameworksBuildPhase;
			buildActionMask = 2147483647;
			files = (
				CC8E5F8223E2156600893D8A /* Alamofire in Frameworks */,
			);
			runOnlyForDeploymentPostprocessing = 0;
		};
		CC8E5F5F23E1F8DA00893D8A /* Frameworks */ = {
			isa = PBXFrameworksBuildPhase;
			buildActionMask = 2147483647;
			files = (
			);
			runOnlyForDeploymentPostprocessing = 0;
		};
		CC8E5F6A23E1F8DA00893D8A /* Frameworks */ = {
			isa = PBXFrameworksBuildPhase;
			buildActionMask = 2147483647;
			files = (
			);
			runOnlyForDeploymentPostprocessing = 0;
		};
/* End PBXFrameworksBuildPhase section */

/* Begin PBXGroup section */
		CC06D92524A57B5600A7AA8C /* MainWeather */ = {
			isa = PBXGroup;
			children = (
				CC06D92624A57B8D00A7AA8C /* MainWeatherViewContainerTests.swift */,
				CC341D2124B00FA200EFAFE1 /* MainWeatherComposerTests.swift */,
			);
			path = MainWeather;
			sourceTree = "<group>";
		};
		CC0A160824A57EDE0048701D /* Terms */ = {
			isa = PBXGroup;
			children = (
				CC0A160924A57EF20048701D /* TermsViewControllerTests.swift */,
				CC2806BE24A6761F00ED7DA1 /* TermsPresenterTests.swift */,
				CC2806C224A6832300ED7DA1 /* FetchTermsTextUseCaseTests.swift */,
				CC2806CE24A6A5BE00ED7DA1 /* TermsComposerTests.swift */,
				CC6CC07524AFB32D009BF4F2 /* TermsRouterTests.swift */,
			);
			path = Terms;
			sourceTree = "<group>";
		};
		CC0A160F24A63CBE0048701D /* Permissions */ = {
			isa = PBXGroup;
			children = (
				CC6CC06524AECDE1009BF4F2 /* ui */,
				CC6CC06624AECDFC009BF4F2 /* LocationPermissionsServiceMockTests.swift */,
				CC6CC06824AED0B1009BF4F2 /* PermissionsPresenterTests.swift */,
				CC6CC06C24AED557009BF4F2 /* Composition */,
				CC6CC06D24AED5BE009BF4F2 /* PermissionsRouterTests.swift */,
			);
			path = Permissions;
			sourceTree = "<group>";
		};
		CC0A161024A63D3B0048701D /* Networking */ = {
			isa = PBXGroup;
			children = (
				CCAA72B524B1818C001C75B7 /* WeatherBit */,
				CCAA72B824B181F3001C75B7 /* SWAPI */,
			);
			path = Networking;
			sourceTree = "<group>";
		};
		CC0D6ECD247E098500051A7F /* Scenes */ = {
			isa = PBXGroup;
			children = (
				CCC31A1F248EF15E00D499E4 /* Root */,
				CC87F381246AFC1F00E15EFD /* Terms */,
				CC155A86247EEDAD00830A83 /* Permissions */,
				CC0D6ECE247E099500051A7F /* MainWeather */,
				CCC31A23248EF2BE00D499E4 /* PlanetInfo */,
				CCC31A22248EF29600D499E4 /* Weather */,
			);
			path = Scenes;
			sourceTree = "<group>";
		};
		CC0D6ECE247E099500051A7F /* MainWeather */ = {
			isa = PBXGroup;
			children = (
				CC0D6ED3247E0A6800051A7F /* MainWeatherViewContainer.swift */,
				CC341D1F24B00E6700EFAFE1 /* MainWeatherComposer.swift */,
				CC155A93247F0AA600830A83 /* Weather.storyboard */,
			);
			path = MainWeather;
			sourceTree = "<group>";
		};
		CC0D6ECF247E09B500051A7F /* Routing */ = {
			isa = PBXGroup;
			children = (
				CC0D6EE7247E0DF400051A7F /* ApplicationRouter.swift */,
				CC6CC05424AE8480009BF4F2 /* RoutingActivity.swift */,
			);
			path = Routing;
			sourceTree = "<group>";
		};
		CC155A86247EEDAD00830A83 /* Permissions */ = {
			isa = PBXGroup;
			children = (
				CC6CC05F24AE87DD009BF4F2 /* ui */,
				CCDD353424AE757A00D21616 /* Composition */,
				CCE4EEFE24AD253B00F420AC /* LocationPermissionsServiceMock.swift */,
				CC3FF49F24A6B44D00788AD2 /* PermissionsPresenter.swift */,
				CC6CC05224AE82F0009BF4F2 /* PermissionsRouter.swift */,
				CC6CC05A24AE873B009BF4F2 /* ViewModel */,
			);
			path = Permissions;
			sourceTree = "<group>";
		};
		CC1D192824A3F38000B1DC21 /* Weather */ = {
			isa = PBXGroup;
			children = (
				CC341D1424B00A5C00EFAFE1 /* ui */,
				CC341D1724B00A8200EFAFE1 /* WeatherPresenterTests.swift */,
				CC341D1924B00BA300EFAFE1 /* WeatherComposerTests.swift */,
				CC341D1B24B00C1700EFAFE1 /* WeatherInfoServiceTests.swift */,
			);
			path = Weather;
			sourceTree = "<group>";
		};
		CC1D192924A3F39A00B1DC21 /* Views */ = {
			isa = PBXGroup;
			children = (
				CCD88D6524A26BD500456D0B /* WeatherBinderView.swift */,
				CC9754CE24A2C72C00110DB0 /* WeatherView.storyboard */,
			);
			path = Views;
			sourceTree = "<group>";
		};
		CC1D192A24A3F3AF00B1DC21 /* View */ = {
			isa = PBXGroup;
			children = (
				CC1D192B24A3F3D800B1DC21 /* WeatherViewTests.swift */,
			);
			path = View;
			sourceTree = "<group>";
		};
		CC2806CB24A6A51200ED7DA1 /* WeakRef */ = {
			isa = PBXGroup;
			children = (
				CC2806C924A6A43B00ED7DA1 /* WeakRef.swift */,
				CC2806CC24A6A53C00ED7DA1 /* WeakRef+TermsPresenterOutput.swift */,
			);
			path = WeakRef;
			sourceTree = "<group>";
		};
		CC2B6A0424A3B0E500C64FCE /* Networking */ = {
			isa = PBXGroup;
			children = (
				CCBB983D23F9A49800E53D22 /* WeatherBitTests.swift */,
				CC8E5F8323E2158000893D8A /* AlamoFireTests.swift */,
				CC187370240B1F2C009DD9F2 /* SWAPIClientTests.swift */,
			);
			path = Networking;
			sourceTree = "<group>";
		};
		CC2B6A0624A3B14400C64FCE /* Scenes */ = {
			isa = PBXGroup;
			children = (
				CC0A160824A57EDE0048701D /* Terms */,
				CC06D92524A57B5600A7AA8C /* MainWeather */,
				CC1D192824A3F38000B1DC21 /* Weather */,
				CC2B6A0724A3B15800C64FCE /* PlanetInfo */,
				CC0A160F24A63CBE0048701D /* Permissions */,
			);
			path = Scenes;
			sourceTree = "<group>";
		};
		CC2B6A0724A3B15800C64FCE /* PlanetInfo */ = {
			isa = PBXGroup;
			children = (
				CC84B53B24AFE94600554834 /* ui */,
				CC84B53724AFE78000554834 /* PlanetInfoComposerTests.swift */,
				CC84B53924AFE94200554834 /* PlanetInfoPresenterTests.swift */,
				CC341D1D24B00CA900EFAFE1 /* PlanetComparisonServiceTests.swift */,
			);
			path = PlanetInfo;
			sourceTree = "<group>";
		};
		CC2B6A0824A3B18200C64FCE /* Views */ = {
			isa = PBXGroup;
			children = (
				CC92E1C624A3E116007A4925 /* PlanetInfoViewTests.swift */,
			);
			path = Views;
			sourceTree = "<group>";
		};
		CC341D1424B00A5C00EFAFE1 /* ui */ = {
			isa = PBXGroup;
			children = (
				CC2500DD24A3F5CB00165CEA /* WeatherViewControllerTests.swift */,
				CC1D192A24A3F3AF00B1DC21 /* View */,
			);
			path = ui;
			sourceTree = "<group>";
		};
		CC3C705024AD6EA900EAC8FD /* Main Dispatch Queue Decorator */ = {
			isa = PBXGroup;
			children = (
				CC3C705124AD6ECA00EAC8FD /* MainQueueDispatchDecorator.swift */,
			);
			path = "Main Dispatch Queue Decorator";
			sourceTree = "<group>";
		};
		CC48FEE323E756B600494BD7 /* Frameworks */ = {
			isa = PBXGroup;
			children = (
			);
			name = Frameworks;
			sourceTree = "<group>";
		};
		CC48FEE723E9301000494BD7 /* Application */ = {
			isa = PBXGroup;
			children = (
				CC8E5F5A23E1F8D900893D8A /* LaunchScreen.storyboard */,
				CC8E5F5D23E1F8D900893D8A /* Info.plist */,
				CCBB983923F998DE00E53D22 /* Config */,
				CC8E5F5123E1F8D900893D8A /* SceneDelegate.swift */,
				CC8E5F4F23E1F8D900893D8A /* AppDelegate.swift */,
			);
			path = Application;
			sourceTree = "<group>";
		};
		CC60415F23F1A1EF0035705A /* Common */ = {
			isa = PBXGroup;
			children = (
				CC3C705024AD6EA900EAC8FD /* Main Dispatch Queue Decorator */,
				CCBB983B23F99B2E00E53D22 /* MainBundleInfo.swift */,
				CC2806CB24A6A51200ED7DA1 /* WeakRef */,
				CCAA72D024B19F65001C75B7 /* JSONDecoder.DateDecodingStrategy.swift */,
			);
			path = Common;
			sourceTree = "<group>";
		};
		CC6A31E824B250770008D88D /* Model */ = {
			isa = PBXGroup;
			children = (
				CC6A31ED24B271840008D88D /* Location */,
			);
			path = Model;
			sourceTree = "<group>";
		};
		CC6A31ED24B271840008D88D /* Location */ = {
			isa = PBXGroup;
			children = (
				CC6A31E924B250960008D88D /* SAKLocationManager.swift */,
				CC6A31EB24B253930008D88D /* SAKLocationManagerCLADelegateAdapter.swift */,
				CC6A31EE24B2718F0008D88D /* Location.swift */,
			);
			path = Location;
			sourceTree = "<group>";
		};
		CC6CC05A24AE873B009BF4F2 /* ViewModel */ = {
			isa = PBXGroup;
			children = (
				CC6CC05824AE872D009BF4F2 /* PermissionsExplanationViewModel.swift */,
				CC6CC05B24AE875F009BF4F2 /* PermissionsAlertViewModel.swift */,
				CC6CC05D24AE878E009BF4F2 /* PermissionsGrantedViewModel.swift */,
			);
			path = ViewModel;
			sourceTree = "<group>";
		};
		CC6CC05F24AE87DD009BF4F2 /* ui */ = {
			isa = PBXGroup;
			children = (
				CC87F37F246AF65800E15EFD /* PermissionsViewController.swift */,
				CC155A97247F0AE200830A83 /* Permissions.storyboard */,
			);
			path = ui;
			sourceTree = "<group>";
		};
		CC6CC06024AECC23009BF4F2 /* Common */ = {
			isa = PBXGroup;
			children = (
				CC6CC06124AECC3E009BF4F2 /* WeakRefTests.swift */,
			);
			path = Common;
			sourceTree = "<group>";
		};
		CC6CC06524AECDE1009BF4F2 /* ui */ = {
			isa = PBXGroup;
			children = (
				CC0A160D24A63CB90048701D /* PermissionsViewControllerTests.swift */,
			);
			path = ui;
			sourceTree = "<group>";
		};
		CC6CC06C24AED557009BF4F2 /* Composition */ = {
			isa = PBXGroup;
			children = (
				CC6CC06A24AED553009BF4F2 /* PermissionsComposerTests.swift */,
				CC6CC06F24AFAC4C009BF4F2 /* LocationPermissionAdapterTests.swift */,
			);
			path = Composition;
			sourceTree = "<group>";
		};
		CC6CC07724AFB4F3009BF4F2 /* ui */ = {
			isa = PBXGroup;
			children = (
				CC9754D024A2D3FE00110DB0 /* PlanetInfoView.storyboard */,
				CC0D6EDB247E0B7900051A7F /* PlanetInfoViewController.swift */,
				CC9754D624A2D52D00110DB0 /* Views */,
			);
			path = ui;
			sourceTree = "<group>";
		};
		CC84B53B24AFE94600554834 /* ui */ = {
			isa = PBXGroup;
			children = (
				CC1D192624A3E78A00B1DC21 /* PlanetInfoViewControllerTests.swift */,
				CC2B6A0824A3B18200C64FCE /* Views */,
			);
			path = ui;
			sourceTree = "<group>";
		};
		CC84B53C24AFEAC700554834 /* Presentation */ = {
			isa = PBXGroup;
			children = (
				CC3FE12C24A53B8F0030A74B /* PlanetInfoView.swift */,
				CC6CC07824AFB51C009BF4F2 /* PlanetInfoPresenter.swift */,
			);
			path = Presentation;
			sourceTree = "<group>";
		};
		CC84B53D24AFEADA00554834 /* Composition */ = {
			isa = PBXGroup;
			children = (
				CC84B53524AFE37B00554834 /* PlanetInfoComposer.swift */,
			);
			path = Composition;
			sourceTree = "<group>";
		};
		CC84B53E24AFEAE100554834 /* ViewModel */ = {
			isa = PBXGroup;
			children = (
				CC19F7C724A5363E0071D26D /* PlanetInfoViewModel.swift */,
			);
			path = ViewModel;
			sourceTree = "<group>";
		};
		CC84B53F24AFEAE900554834 /* Services */ = {
			isa = PBXGroup;
			children = (
				CC84B54024AFEB3600554834 /* PlanetComparisonService.swift */,
			);
			path = Services;
			sourceTree = "<group>";
		};
		CC84B54224B0043E00554834 /* ui */ = {
			isa = PBXGroup;
			children = (
				CC0D6ED7247E0AF100051A7F /* WeatherViewController.swift */,
				CC1D192924A3F39A00B1DC21 /* Views */,
			);
			path = ui;
			sourceTree = "<group>";
		};
		CC84B54524B004E800554834 /* Presentation */ = {
			isa = PBXGroup;
			children = (
				CC2500E124A3FC3800165CEA /* WeatherView.swift */,
				CC84B54324B0045C00554834 /* WeatherPresenter.swift */,
			);
			path = Presentation;
			sourceTree = "<group>";
		};
		CC87F381246AFC1F00E15EFD /* Terms */ = {
			isa = PBXGroup;
			children = (
				CC8E5F5323E1F8D900893D8A /* TermsViewController.swift */,
				CC155A95247F0AB700830A83 /* Terms.storyboard */,
				CC2806BA24A675E500ED7DA1 /* TermsPresenter.swift */,
				CC2806C024A6786E00ED7DA1 /* FetchTermsTextUseCase.swift */,
				CC2806C724A6A41700ED7DA1 /* TermsRouter.swift */,
				CC2806C524A68ACC00ED7DA1 /* TermsComposer.swift */,
			);
			path = Terms;
			sourceTree = "<group>";
		};
		CC8E5F4323E1F8D900893D8A = {
			isa = PBXGroup;
			children = (
				CC8E5F8523E243EA00893D8A /* Documentation */,
				CC8E5F7F23E1F9D400893D8A /* Resources */,
				CC8E5F4E23E1F8D900893D8A /* Sources */,
				CC8E5F6523E1F8DA00893D8A /* UnitTests */,
				CC8E5F7023E1F8DA00893D8A /* UITests */,
				CC8E5F4D23E1F8D900893D8A /* Products */,
				CC48FEE323E756B600494BD7 /* Frameworks */,
			);
			sourceTree = "<group>";
			usesTabs = 1;
		};
		CC8E5F4D23E1F8D900893D8A /* Products */ = {
			isa = PBXGroup;
			children = (
				CC8E5F4C23E1F8D900893D8A /* FarAwayComparison.app */,
				CC8E5F6223E1F8DA00893D8A /* FarAwayComparisonTests.xctest */,
				CC8E5F6D23E1F8DA00893D8A /* FarAwayComparisonUITests.xctest */,
			);
			name = Products;
			sourceTree = "<group>";
		};
		CC8E5F4E23E1F8D900893D8A /* Sources */ = {
			isa = PBXGroup;
			children = (
				CC6A31E824B250770008D88D /* Model */,
				CC0A161024A63D3B0048701D /* Networking */,
				CCC31A25248EF3BD00D499E4 /* UIKit */,
				CC0D6ECF247E09B500051A7F /* Routing */,
				CC0D6ECD247E098500051A7F /* Scenes */,
				CC60415F23F1A1EF0035705A /* Common */,
				CC48FEE723E9301000494BD7 /* Application */,
			);
			path = Sources;
			sourceTree = "<group>";
		};
		CC8E5F6523E1F8DA00893D8A /* UnitTests */ = {
			isa = PBXGroup;
			children = (
				CC6CC06024AECC23009BF4F2 /* Common */,
				CC2B6A0624A3B14400C64FCE /* Scenes */,
				CC2B6A0424A3B0E500C64FCE /* Networking */,
				CC8E5F6823E1F8DA00893D8A /* Info.plist */,
			);
			path = UnitTests;
			sourceTree = "<group>";
		};
		CC8E5F7023E1F8DA00893D8A /* UITests */ = {
			isa = PBXGroup;
			children = (
				CC8E5F7123E1F8DA00893D8A /* FarAwayComparisonUITests.swift */,
				CC8E5F7323E1F8DA00893D8A /* Info.plist */,
			);
			path = UITests;
			sourceTree = "<group>";
		};
		CC8E5F7F23E1F9D400893D8A /* Resources */ = {
			isa = PBXGroup;
			children = (
				CC8E5F5823E1F8D900893D8A /* Assets.xcassets */,
				CC0A161324A64EE10048701D /* Terms.strings */,
				CC3C705324AD717200EAC8FD /* Permissions.strings */,
			);
			path = Resources;
			sourceTree = "<group>";
		};
		CC8E5F8523E243EA00893D8A /* Documentation */ = {
			isa = PBXGroup;
			children = (
				CC8E5F8623E2442700893D8A /* README.md */,
			);
			path = Documentation;
			sourceTree = "<group>";
		};
		CC9754D624A2D52D00110DB0 /* Views */ = {
			isa = PBXGroup;
			children = (
				CCD88D6324A25CFD00456D0B /* PlanetInfoBinderView.swift */,
				CC9754D424A2D51F00110DB0 /* ForeignPlanetView.swift */,
			);
			path = Views;
			sourceTree = "<group>";
		};
		CCAA72B524B1818C001C75B7 /* WeatherBit */ = {
			isa = PBXGroup;
			children = (
				CC28116624B111F4004EC0F5 /* WeatherBitClientAPI.swift */,
				CC28116824B11265004EC0F5 /* WeatherBit.Client.swift */,
				CC0096F724B12C3C003C86C7 /* WeatherBitLocation.swift */,
				CC8E535A24B0F786006DA8D3 /* WeatherBitAPIModel.swift */,
				CC0096F924B12C6E003C86C7 /* WeatherBit.Language.swift */,
				CC0096FB24B12C9F003C86C7 /* WeatherBit+ResultData.swift */,
			);
			path = WeatherBit;
			sourceTree = "<group>";
		};
		CCAA72B824B181F3001C75B7 /* SWAPI */ = {
			isa = PBXGroup;
			children = (
				CCAA72C524B18669001C75B7 /* SWAPIClient.swift */,
				CCAA72C724B18683001C75B7 /* SWAPI.Client.swift */,
				CCAA72B624B1819F001C75B7 /* SWAPI.swift */,
				CCAA72CB24B189A8001C75B7 /* Resources */,
				CCAA72CC24B18A8D001C75B7 /* SWAPI.Attribute.swift */,
				CCAA72CE24B18B2F001C75B7 /* SWAPI.Format.swift */,
			);
			path = SWAPI;
			sourceTree = "<group>";
		};
		CCAA72CB24B189A8001C75B7 /* Resources */ = {
			isa = PBXGroup;
			children = (
				CCAA72C924B187E5001C75B7 /* SWAPIResource.swift */,
				CCAA72B924B18203001C75B7 /* SWAPI.Person.swift */,
				CCAA72BB24B182C8001C75B7 /* SWAPI.Planet.swift */,
				CCAA72BD24B18354001C75B7 /* SWAPI.Starship.swift */,
				CCAA72BF24B183EE001C75B7 /* SWAPI.Species.swift */,
				CCAA72C124B18470001C75B7 /* SWAPI.Film.swift */,
				CCAA72C324B18502001C75B7 /* SWAPI.Vehicle.swift */,
				CC7BED2624B1A42700B96904 /* SWAPI.Page.swift */,
			);
			path = Resources;
			sourceTree = "<group>";
		};
		CCBB983923F998DE00E53D22 /* Config */ = {
			isa = PBXGroup;
			children = (
				CCBB983823F997CC00E53D22 /* Debug.xcconfig */,
			);
			path = Config;
			sourceTree = "<group>";
		};
		CCC31A1F248EF15E00D499E4 /* Root */ = {
			isa = PBXGroup;
			children = (
				CCC31A1D248EF12F00D499E4 /* RootViewController.swift */,
				CCC31A20248EF18000D499E4 /* Root.storyboard */,
			);
			path = Root;
			sourceTree = "<group>";
		};
		CCC31A22248EF29600D499E4 /* Weather */ = {
			isa = PBXGroup;
			children = (
				CC2500DF24A3FC1D00165CEA /* WeatherViewModel.swift */,
				CC84B54224B0043E00554834 /* ui */,
				CC84B54524B004E800554834 /* Presentation */,
				CC84B54624B0050400554834 /* WeatherInfoService.swift */,
				CC84B54824B007AB00554834 /* WeatherComposer.swift */,
			);
			path = Weather;
			sourceTree = "<group>";
		};
		CCC31A23248EF2BE00D499E4 /* PlanetInfo */ = {
			isa = PBXGroup;
			children = (
				CC84B53F24AFEAE900554834 /* Services */,
				CC6CC07724AFB4F3009BF4F2 /* ui */,
				CC84B53E24AFEAE100554834 /* ViewModel */,
				CC84B53C24AFEAC700554834 /* Presentation */,
				CC84B53D24AFEADA00554834 /* Composition */,
			);
			path = PlanetInfo;
			sourceTree = "<group>";
		};
		CCC31A25248EF3BD00D499E4 /* UIKit */ = {
			isa = PBXGroup;
			children = (
				CCD88D6A24A26DC600456D0B /* ReusableViews */,
				CC155A8F247F03F200830A83 /* Storyboarded.swift */,
				CCC31A26248EF3EA00D499E4 /* UIViewController+FullScreen.swift */,
			);
			path = UIKit;
			sourceTree = "<group>";
		};
		CCD88D6A24A26DC600456D0B /* ReusableViews */ = {
			isa = PBXGroup;
			children = (
				CCD88D6824A26DBF00456D0B /* ImageAndLabelView.swift */,
			);
			path = ReusableViews;
			sourceTree = "<group>";
		};
		CCDD353424AE757A00D21616 /* Composition */ = {
			isa = PBXGroup;
			children = (
				CC3C705524AD7BC700EAC8FD /* PermissionsViewControllerAdapter.swift */,
				CC3FF4A124A6BA4E00788AD2 /* PermissionsComposer.swift */,
				CC3C705724AD8DAF00EAC8FD /* LocationPermissionAdapter.swift */,
			);
			path = Composition;
			sourceTree = "<group>";
		};
/* End PBXGroup section */

/* Begin PBXNativeTarget section */
		CC8E5F4B23E1F8D900893D8A /* FarAwayComparison */ = {
			isa = PBXNativeTarget;
			buildConfigurationList = CC8E5F7623E1F8DA00893D8A /* Build configuration list for PBXNativeTarget "FarAwayComparison" */;
			buildPhases = (
				CC8E5F4823E1F8D900893D8A /* Sources */,
				CC8E5F4923E1F8D900893D8A /* Frameworks */,
				CC8E5F4A23E1F8D900893D8A /* Resources */,
			);
			buildRules = (
			);
			dependencies = (
			);
			name = FarAwayComparison;
			packageProductDependencies = (
				CC8E5F8123E2156600893D8A /* Alamofire */,
			);
			productName = FarAwayComparison;
			productReference = CC8E5F4C23E1F8D900893D8A /* FarAwayComparison.app */;
			productType = "com.apple.product-type.application";
		};
		CC8E5F6123E1F8DA00893D8A /* FarAwayComparisonTests */ = {
			isa = PBXNativeTarget;
			buildConfigurationList = CC8E5F7923E1F8DA00893D8A /* Build configuration list for PBXNativeTarget "FarAwayComparisonTests" */;
			buildPhases = (
				CC8E5F5E23E1F8DA00893D8A /* Sources */,
				CC8E5F5F23E1F8DA00893D8A /* Frameworks */,
				CC8E5F6023E1F8DA00893D8A /* Resources */,
			);
			buildRules = (
			);
			dependencies = (
				CC8E5F6423E1F8DA00893D8A /* PBXTargetDependency */,
			);
			name = FarAwayComparisonTests;
			productName = FarAwayComparisonTests;
			productReference = CC8E5F6223E1F8DA00893D8A /* FarAwayComparisonTests.xctest */;
			productType = "com.apple.product-type.bundle.unit-test";
		};
		CC8E5F6C23E1F8DA00893D8A /* FarAwayComparisonUITests */ = {
			isa = PBXNativeTarget;
			buildConfigurationList = CC8E5F7C23E1F8DA00893D8A /* Build configuration list for PBXNativeTarget "FarAwayComparisonUITests" */;
			buildPhases = (
				CC8E5F6923E1F8DA00893D8A /* Sources */,
				CC8E5F6A23E1F8DA00893D8A /* Frameworks */,
				CC8E5F6B23E1F8DA00893D8A /* Resources */,
			);
			buildRules = (
			);
			dependencies = (
				CC8E5F6F23E1F8DA00893D8A /* PBXTargetDependency */,
			);
			name = FarAwayComparisonUITests;
			productName = FarAwayComparisonUITests;
			productReference = CC8E5F6D23E1F8DA00893D8A /* FarAwayComparisonUITests.xctest */;
			productType = "com.apple.product-type.bundle.ui-testing";
		};
/* End PBXNativeTarget section */

/* Begin PBXProject section */
		CC8E5F4423E1F8D900893D8A /* Project object */ = {
			isa = PBXProject;
			attributes = {
				LastSwiftUpdateCheck = 1130;
				LastUpgradeCheck = 1200;
				ORGANIZATIONNAME = "Stephen Kac";
				TargetAttributes = {
					CC8E5F4B23E1F8D900893D8A = {
						CreatedOnToolsVersion = 11.3.1;
					};
					CC8E5F6123E1F8DA00893D8A = {
						CreatedOnToolsVersion = 11.3.1;
						TestTargetID = CC8E5F4B23E1F8D900893D8A;
					};
					CC8E5F6C23E1F8DA00893D8A = {
						CreatedOnToolsVersion = 11.3.1;
						TestTargetID = CC8E5F4B23E1F8D900893D8A;
					};
				};
			};
			buildConfigurationList = CC8E5F4723E1F8D900893D8A /* Build configuration list for PBXProject "FarAwayComparison" */;
			compatibilityVersion = "Xcode 9.3";
			developmentRegion = en;
			hasScannedForEncodings = 0;
			knownRegions = (
				en,
				Base,
			);
			mainGroup = CC8E5F4323E1F8D900893D8A;
			packageReferences = (
				CC8E5F8023E2156600893D8A /* XCRemoteSwiftPackageReference "Alamofire" */,
			);
			productRefGroup = CC8E5F4D23E1F8D900893D8A /* Products */;
			projectDirPath = "";
			projectRoot = "";
			targets = (
				CC8E5F4B23E1F8D900893D8A /* FarAwayComparison */,
				CC8E5F6123E1F8DA00893D8A /* FarAwayComparisonTests */,
				CC8E5F6C23E1F8DA00893D8A /* FarAwayComparisonUITests */,
			);
		};
/* End PBXProject section */

/* Begin PBXResourcesBuildPhase section */
		CC8E5F4A23E1F8D900893D8A /* Resources */ = {
			isa = PBXResourcesBuildPhase;
			buildActionMask = 2147483647;
			files = (
				CCC31A21248EF18000D499E4 /* Root.storyboard in Resources */,
				CC8E5F5C23E1F8D900893D8A /* LaunchScreen.storyboard in Resources */,
				CC0A161424A64EE10048701D /* Terms.strings in Resources */,
				CC3C705424AD717200EAC8FD /* Permissions.strings in Resources */,
				CC155A94247F0AA600830A83 /* Weather.storyboard in Resources */,
				CC155A96247F0AB700830A83 /* Terms.storyboard in Resources */,
				CC155A98247F0AE200830A83 /* Permissions.storyboard in Resources */,
				CC9754CF24A2C72C00110DB0 /* WeatherView.storyboard in Resources */,
				CC9754D124A2D3FE00110DB0 /* PlanetInfoView.storyboard in Resources */,
				CC8E5F5923E1F8D900893D8A /* Assets.xcassets in Resources */,
			);
			runOnlyForDeploymentPostprocessing = 0;
		};
		CC8E5F6023E1F8DA00893D8A /* Resources */ = {
			isa = PBXResourcesBuildPhase;
			buildActionMask = 2147483647;
			files = (
			);
			runOnlyForDeploymentPostprocessing = 0;
		};
		CC8E5F6B23E1F8DA00893D8A /* Resources */ = {
			isa = PBXResourcesBuildPhase;
			buildActionMask = 2147483647;
			files = (
			);
			runOnlyForDeploymentPostprocessing = 0;
		};
/* End PBXResourcesBuildPhase section */

/* Begin PBXSourcesBuildPhase section */
		CC8E5F4823E1F8D900893D8A /* Sources */ = {
			isa = PBXSourcesBuildPhase;
			buildActionMask = 2147483647;
			files = (
				CC3FF4A224A6BA4E00788AD2 /* PermissionsComposer.swift in Sources */,
				CCAA72C824B18683001C75B7 /* SWAPI.Client.swift in Sources */,
				CCC31A27248EF3EA00D499E4 /* UIViewController+FullScreen.swift in Sources */,
				CC28116724B111F4004EC0F5 /* WeatherBitClientAPI.swift in Sources */,
				CC6CC05C24AE875F009BF4F2 /* PermissionsAlertViewModel.swift in Sources */,
				CCAA72BE24B18354001C75B7 /* SWAPI.Starship.swift in Sources */,
				CC2806C624A68ACC00ED7DA1 /* TermsComposer.swift in Sources */,
				CCC31A1E248EF12F00D499E4 /* RootViewController.swift in Sources */,
				CC8E5F5423E1F8D900893D8A /* TermsViewController.swift in Sources */,
				CC84B54724B0050400554834 /* WeatherInfoService.swift in Sources */,
				CCD88D6924A26DBF00456D0B /* ImageAndLabelView.swift in Sources */,
				CC28116924B11265004EC0F5 /* WeatherBit.Client.swift in Sources */,
				CC6A31EA24B250960008D88D /* SAKLocationManager.swift in Sources */,
				CC3C705224AD6ECA00EAC8FD /* MainQueueDispatchDecorator.swift in Sources */,
				CC84B54124AFEB3600554834 /* PlanetComparisonService.swift in Sources */,
				CCAA72CA24B187E5001C75B7 /* SWAPIResource.swift in Sources */,
				CC6A31EF24B2718F0008D88D /* Location.swift in Sources */,
				CC3FF4A024A6B44D00788AD2 /* PermissionsPresenter.swift in Sources */,
				CC0096F824B12C3C003C86C7 /* WeatherBitLocation.swift in Sources */,
				CC84B54424B0045C00554834 /* WeatherPresenter.swift in Sources */,
				CCAA72BC24B182C8001C75B7 /* SWAPI.Planet.swift in Sources */,
				CC19F7C824A5363E0071D26D /* PlanetInfoViewModel.swift in Sources */,
				CCAA72C624B18669001C75B7 /* SWAPIClient.swift in Sources */,
				CCAA72BA24B18203001C75B7 /* SWAPI.Person.swift in Sources */,
				CC8E535B24B0F786006DA8D3 /* WeatherBitAPIModel.swift in Sources */,
				CCD88D6424A25CFD00456D0B /* PlanetInfoBinderView.swift in Sources */,
				CC8E5F5023E1F8D900893D8A /* AppDelegate.swift in Sources */,
				CCAA72B724B181A0001C75B7 /* SWAPI.swift in Sources */,
				CC7BED2724B1A42700B96904 /* SWAPI.Page.swift in Sources */,
				CCD88D6624A26BD500456D0B /* WeatherBinderView.swift in Sources */,
				CC6CC05524AE8480009BF4F2 /* RoutingActivity.swift in Sources */,
				CC0D6ED4247E0A6800051A7F /* MainWeatherViewContainer.swift in Sources */,
				CC0D6EE8247E0DF400051A7F /* ApplicationRouter.swift in Sources */,
				CC8E5F5223E1F8D900893D8A /* SceneDelegate.swift in Sources */,
				CCAA72CF24B18B2F001C75B7 /* SWAPI.Format.swift in Sources */,
				CC155A90247F03F200830A83 /* Storyboarded.swift in Sources */,
				CC0D6EDD247E0B7900051A7F /* PlanetInfoViewController.swift in Sources */,
				CC2500E024A3FC1D00165CEA /* WeatherViewModel.swift in Sources */,
				CC3FE12D24A53B8F0030A74B /* PlanetInfoView.swift in Sources */,
				CC2500E224A3FC3800165CEA /* WeatherView.swift in Sources */,
				CC3C705824AD8DAF00EAC8FD /* LocationPermissionAdapter.swift in Sources */,
				CCE4EEFF24AD253B00F420AC /* LocationPermissionsServiceMock.swift in Sources */,
				CC6A31EC24B253930008D88D /* SAKLocationManagerCLADelegateAdapter.swift in Sources */,
				CC2806BB24A675E500ED7DA1 /* TermsPresenter.swift in Sources */,
				CC2806C124A6786E00ED7DA1 /* FetchTermsTextUseCase.swift in Sources */,
				CC3C705624AD7BC700EAC8FD /* PermissionsViewControllerAdapter.swift in Sources */,
				CCAA72D124B19F65001C75B7 /* JSONDecoder.DateDecodingStrategy.swift in Sources */,
				CC84B53624AFE37B00554834 /* PlanetInfoComposer.swift in Sources */,
				CC2806CD24A6A53C00ED7DA1 /* WeakRef+TermsPresenterOutput.swift in Sources */,
				CCAA72C424B18502001C75B7 /* SWAPI.Vehicle.swift in Sources */,
				CC2806C824A6A41700ED7DA1 /* TermsRouter.swift in Sources */,
				CC0096FC24B12C9F003C86C7 /* WeatherBit+ResultData.swift in Sources */,
				CC6CC05E24AE878E009BF4F2 /* PermissionsGrantedViewModel.swift in Sources */,
				CC341D2024B00E6700EFAFE1 /* MainWeatherComposer.swift in Sources */,
				CC87F380246AF65800E15EFD /* PermissionsViewController.swift in Sources */,
				CC6CC07924AFB51C009BF4F2 /* PlanetInfoPresenter.swift in Sources */,
				CCBB983C23F99B2E00E53D22 /* MainBundleInfo.swift in Sources */,
				CC2806CA24A6A43B00ED7DA1 /* WeakRef.swift in Sources */,
				CC0096FA24B12C6E003C86C7 /* WeatherBit.Language.swift in Sources */,
				CC6CC05324AE82F0009BF4F2 /* PermissionsRouter.swift in Sources */,
				CCAA72C024B183EE001C75B7 /* SWAPI.Species.swift in Sources */,
				CC0D6ED9247E0AF100051A7F /* WeatherViewController.swift in Sources */,
				CC9754D524A2D51F00110DB0 /* ForeignPlanetView.swift in Sources */,
				CC6CC05924AE872D009BF4F2 /* PermissionsExplanationViewModel.swift in Sources */,
				CCAA72C224B18470001C75B7 /* SWAPI.Film.swift in Sources */,
				CCAA72CD24B18A8D001C75B7 /* SWAPI.Attribute.swift in Sources */,
				CC84B54924B007AB00554834 /* WeatherComposer.swift in Sources */,
			);
			runOnlyForDeploymentPostprocessing = 0;
		};
		CC8E5F5E23E1F8DA00893D8A /* Sources */ = {
			isa = PBXSourcesBuildPhase;
			buildActionMask = 2147483647;
			files = (
				CC341D2324B00FEC00EFAFE1 /* MainWeatherComposerTests.swift in Sources */,
				CC6CC06224AECC3E009BF4F2 /* WeakRefTests.swift in Sources */,
				CC6CC07624AFB32D009BF4F2 /* TermsRouterTests.swift in Sources */,
				CC06D92724A57B8D00A7AA8C /* MainWeatherViewContainerTests.swift in Sources */,
				CC341D1E24B00CA900EFAFE1 /* PlanetComparisonServiceTests.swift in Sources */,
				CC341D1A24B00BA300EFAFE1 /* WeatherComposerTests.swift in Sources */,
				CC0A160A24A57EF20048701D /* TermsViewControllerTests.swift in Sources */,
				CC341D1C24B00C1700EFAFE1 /* WeatherInfoServiceTests.swift in Sources */,
				CC1D192724A3E78A00B1DC21 /* PlanetInfoViewControllerTests.swift in Sources */,
				CC6CC06924AED0B1009BF4F2 /* PermissionsPresenterTests.swift in Sources */,
				CC2806BF24A6761F00ED7DA1 /* TermsPresenterTests.swift in Sources */,
				CC2806D024A6A67A00ED7DA1 /* TermsComposerTests.swift in Sources */,
				CC84B53A24AFE94200554834 /* PlanetInfoPresenterTests.swift in Sources */,
				CC84B53824AFE78000554834 /* PlanetInfoComposerTests.swift in Sources */,
				CC6CC06B24AED553009BF4F2 /* PermissionsComposerTests.swift in Sources */,
				CC2806C324A6832300ED7DA1 /* FetchTermsTextUseCaseTests.swift in Sources */,
				CC7BED2924B1B0BF00B96904 /* WeatherBitTests.swift in Sources */,
				CC6CC06E24AED5BE009BF4F2 /* PermissionsRouterTests.swift in Sources */,
				CC6CC07024AFAC4C009BF4F2 /* LocationPermissionAdapterTests.swift in Sources */,
				CC341D1824B00A8200EFAFE1 /* WeatherPresenterTests.swift in Sources */,
				CC92E1C724A3E116007A4925 /* PlanetInfoViewTests.swift in Sources */,
				CC00970024B1457A003C86C7 /* SWAPIClientTests.swift in Sources */,
				CC2500DE24A3F5CB00165CEA /* WeatherViewControllerTests.swift in Sources */,
				CC0A160E24A63CB90048701D /* PermissionsViewControllerTests.swift in Sources */,
				CC1D192C24A3F3D800B1DC21 /* WeatherViewTests.swift in Sources */,
				CC6CC06724AECDFC009BF4F2 /* LocationPermissionsServiceMockTests.swift in Sources */,
			);
			runOnlyForDeploymentPostprocessing = 0;
		};
		CC8E5F6923E1F8DA00893D8A /* Sources */ = {
			isa = PBXSourcesBuildPhase;
			buildActionMask = 2147483647;
			files = (
				CC8E5F7223E1F8DA00893D8A /* FarAwayComparisonUITests.swift in Sources */,
			);
			runOnlyForDeploymentPostprocessing = 0;
		};
/* End PBXSourcesBuildPhase section */

/* Begin PBXTargetDependency section */
		CC8E5F6423E1F8DA00893D8A /* PBXTargetDependency */ = {
			isa = PBXTargetDependency;
			target = CC8E5F4B23E1F8D900893D8A /* FarAwayComparison */;
			targetProxy = CC8E5F6323E1F8DA00893D8A /* PBXContainerItemProxy */;
		};
		CC8E5F6F23E1F8DA00893D8A /* PBXTargetDependency */ = {
			isa = PBXTargetDependency;
			target = CC8E5F4B23E1F8D900893D8A /* FarAwayComparison */;
			targetProxy = CC8E5F6E23E1F8DA00893D8A /* PBXContainerItemProxy */;
		};
/* End PBXTargetDependency section */

/* Begin PBXVariantGroup section */
		CC8E5F5A23E1F8D900893D8A /* LaunchScreen.storyboard */ = {
			isa = PBXVariantGroup;
			children = (
				CC8E5F5B23E1F8D900893D8A /* Base */,
			);
			name = LaunchScreen.storyboard;
			sourceTree = "<group>";
		};
/* End PBXVariantGroup section */

/* Begin XCBuildConfiguration section */
		CC8E5F7423E1F8DA00893D8A /* Debug */ = {
			isa = XCBuildConfiguration;
			baseConfigurationReference = CCBB983823F997CC00E53D22 /* Debug.xcconfig */;
			buildSettings = {
				ALWAYS_SEARCH_USER_PATHS = NO;
				CLANG_ANALYZER_NONNULL = YES;
				CLANG_ANALYZER_NUMBER_OBJECT_CONVERSION = YES_AGGRESSIVE;
				CLANG_CXX_LANGUAGE_STANDARD = "gnu++14";
				CLANG_CXX_LIBRARY = "libc++";
				CLANG_ENABLE_MODULES = YES;
				CLANG_ENABLE_OBJC_ARC = YES;
				CLANG_ENABLE_OBJC_WEAK = YES;
				CLANG_WARN_BLOCK_CAPTURE_AUTORELEASING = YES;
				CLANG_WARN_BOOL_CONVERSION = YES;
				CLANG_WARN_COMMA = YES;
				CLANG_WARN_CONSTANT_CONVERSION = YES;
				CLANG_WARN_DEPRECATED_OBJC_IMPLEMENTATIONS = YES;
				CLANG_WARN_DIRECT_OBJC_ISA_USAGE = YES_ERROR;
				CLANG_WARN_DOCUMENTATION_COMMENTS = YES;
				CLANG_WARN_EMPTY_BODY = YES;
				CLANG_WARN_ENUM_CONVERSION = YES;
				CLANG_WARN_INFINITE_RECURSION = YES;
				CLANG_WARN_INT_CONVERSION = YES;
				CLANG_WARN_NON_LITERAL_NULL_CONVERSION = YES;
				CLANG_WARN_OBJC_IMPLICIT_RETAIN_SELF = YES;
				CLANG_WARN_OBJC_LITERAL_CONVERSION = YES;
				CLANG_WARN_OBJC_ROOT_CLASS = YES_ERROR;
				CLANG_WARN_QUOTED_INCLUDE_IN_FRAMEWORK_HEADER = YES;
				CLANG_WARN_RANGE_LOOP_ANALYSIS = YES;
				CLANG_WARN_STRICT_PROTOTYPES = YES;
				CLANG_WARN_SUSPICIOUS_MOVE = YES;
				CLANG_WARN_UNGUARDED_AVAILABILITY = YES_AGGRESSIVE;
				CLANG_WARN_UNREACHABLE_CODE = YES;
				CLANG_WARN__DUPLICATE_METHOD_MATCH = YES;
				COPY_PHASE_STRIP = NO;
				DEBUG_INFORMATION_FORMAT = dwarf;
				ENABLE_STRICT_OBJC_MSGSEND = YES;
				ENABLE_TESTABILITY = YES;
				GCC_C_LANGUAGE_STANDARD = gnu11;
				GCC_DYNAMIC_NO_PIC = NO;
				GCC_NO_COMMON_BLOCKS = YES;
				GCC_OPTIMIZATION_LEVEL = 0;
				GCC_PREPROCESSOR_DEFINITIONS = (
					"DEBUG=1",
					"$(inherited)",
				);
				GCC_WARN_64_TO_32_BIT_CONVERSION = YES;
				GCC_WARN_ABOUT_RETURN_TYPE = YES_ERROR;
				GCC_WARN_UNDECLARED_SELECTOR = YES;
				GCC_WARN_UNINITIALIZED_AUTOS = YES_AGGRESSIVE;
				GCC_WARN_UNUSED_FUNCTION = YES;
				GCC_WARN_UNUSED_VARIABLE = YES;
				IPHONEOS_DEPLOYMENT_TARGET = 13.4;
				MTL_ENABLE_DEBUG_INFO = INCLUDE_SOURCE;
				MTL_FAST_MATH = YES;
				ONLY_ACTIVE_ARCH = YES;
				SDKROOT = iphoneos;
				SWIFT_ACTIVE_COMPILATION_CONDITIONS = DEBUG;
				SWIFT_OPTIMIZATION_LEVEL = "-Onone";
			};
			name = Debug;
		};
		CC8E5F7523E1F8DA00893D8A /* Release */ = {
			isa = XCBuildConfiguration;
			buildSettings = {
				ALWAYS_SEARCH_USER_PATHS = NO;
				CLANG_ANALYZER_NONNULL = YES;
				CLANG_ANALYZER_NUMBER_OBJECT_CONVERSION = YES_AGGRESSIVE;
				CLANG_CXX_LANGUAGE_STANDARD = "gnu++14";
				CLANG_CXX_LIBRARY = "libc++";
				CLANG_ENABLE_MODULES = YES;
				CLANG_ENABLE_OBJC_ARC = YES;
				CLANG_ENABLE_OBJC_WEAK = YES;
				CLANG_WARN_BLOCK_CAPTURE_AUTORELEASING = YES;
				CLANG_WARN_BOOL_CONVERSION = YES;
				CLANG_WARN_COMMA = YES;
				CLANG_WARN_CONSTANT_CONVERSION = YES;
				CLANG_WARN_DEPRECATED_OBJC_IMPLEMENTATIONS = YES;
				CLANG_WARN_DIRECT_OBJC_ISA_USAGE = YES_ERROR;
				CLANG_WARN_DOCUMENTATION_COMMENTS = YES;
				CLANG_WARN_EMPTY_BODY = YES;
				CLANG_WARN_ENUM_CONVERSION = YES;
				CLANG_WARN_INFINITE_RECURSION = YES;
				CLANG_WARN_INT_CONVERSION = YES;
				CLANG_WARN_NON_LITERAL_NULL_CONVERSION = YES;
				CLANG_WARN_OBJC_IMPLICIT_RETAIN_SELF = YES;
				CLANG_WARN_OBJC_LITERAL_CONVERSION = YES;
				CLANG_WARN_OBJC_ROOT_CLASS = YES_ERROR;
				CLANG_WARN_QUOTED_INCLUDE_IN_FRAMEWORK_HEADER = YES;
				CLANG_WARN_RANGE_LOOP_ANALYSIS = YES;
				CLANG_WARN_STRICT_PROTOTYPES = YES;
				CLANG_WARN_SUSPICIOUS_MOVE = YES;
				CLANG_WARN_UNGUARDED_AVAILABILITY = YES_AGGRESSIVE;
				CLANG_WARN_UNREACHABLE_CODE = YES;
				CLANG_WARN__DUPLICATE_METHOD_MATCH = YES;
				COPY_PHASE_STRIP = NO;
				DEBUG_INFORMATION_FORMAT = "dwarf-with-dsym";
				ENABLE_NS_ASSERTIONS = NO;
				ENABLE_STRICT_OBJC_MSGSEND = YES;
				GCC_C_LANGUAGE_STANDARD = gnu11;
				GCC_NO_COMMON_BLOCKS = YES;
				GCC_WARN_64_TO_32_BIT_CONVERSION = YES;
				GCC_WARN_ABOUT_RETURN_TYPE = YES_ERROR;
				GCC_WARN_UNDECLARED_SELECTOR = YES;
				GCC_WARN_UNINITIALIZED_AUTOS = YES_AGGRESSIVE;
				GCC_WARN_UNUSED_FUNCTION = YES;
				GCC_WARN_UNUSED_VARIABLE = YES;
				IPHONEOS_DEPLOYMENT_TARGET = 13.4;
				MTL_ENABLE_DEBUG_INFO = NO;
				MTL_FAST_MATH = YES;
				SDKROOT = iphoneos;
				SWIFT_COMPILATION_MODE = wholemodule;
				SWIFT_OPTIMIZATION_LEVEL = "-O";
				VALIDATE_PRODUCT = YES;
			};
			name = Release;
		};
		CC8E5F7723E1F8DA00893D8A /* Debug */ = {
			isa = XCBuildConfiguration;
			buildSettings = {
				ASSETCATALOG_COMPILER_APPICON_NAME = AppIcon;
				CODE_SIGN_STYLE = Automatic;
				DEVELOPMENT_TEAM = N3S44ULQD4;
				INFOPLIST_FILE = Sources/Application/Info.plist;
				IPHONEOS_DEPLOYMENT_TARGET = 13.0;
				LD_RUNPATH_SEARCH_PATHS = (
					"$(inherited)",
					"@executable_path/Frameworks",
				);
				MARKETING_VERSION = 0.0.2;
				PRODUCT_BUNDLE_IDENTIFIER = "com.stephen-kac.FarAwayComparison";
				PRODUCT_NAME = "$(TARGET_NAME)";
				SWIFT_VERSION = 5.0;
				TARGETED_DEVICE_FAMILY = "1,2";
			};
			name = Debug;
		};
		CC8E5F7823E1F8DA00893D8A /* Release */ = {
			isa = XCBuildConfiguration;
			buildSettings = {
				ASSETCATALOG_COMPILER_APPICON_NAME = AppIcon;
				CODE_SIGN_STYLE = Automatic;
				DEVELOPMENT_TEAM = N3S44ULQD4;
				INFOPLIST_FILE = Sources/Application/Info.plist;
				IPHONEOS_DEPLOYMENT_TARGET = 13.0;
				LD_RUNPATH_SEARCH_PATHS = (
					"$(inherited)",
					"@executable_path/Frameworks",
				);
				MARKETING_VERSION = 0.0.2;
				PRODUCT_BUNDLE_IDENTIFIER = "com.stephen-kac.FarAwayComparison";
				PRODUCT_NAME = "$(TARGET_NAME)";
				SWIFT_VERSION = 5.0;
				TARGETED_DEVICE_FAMILY = "1,2";
			};
			name = Release;
		};
		CC8E5F7A23E1F8DA00893D8A /* Debug */ = {
			isa = XCBuildConfiguration;
			buildSettings = {
				ALWAYS_EMBED_SWIFT_STANDARD_LIBRARIES = YES;
				BUNDLE_LOADER = "$(TEST_HOST)";
				CODE_SIGN_STYLE = Automatic;
				DEVELOPMENT_TEAM = N3S44ULQD4;
				INFOPLIST_FILE = UnitTests/Info.plist;
				IPHONEOS_DEPLOYMENT_TARGET = 13.0;
				LD_RUNPATH_SEARCH_PATHS = (
					"$(inherited)",
					"@executable_path/Frameworks",
					"@loader_path/Frameworks",
				);
				PRODUCT_BUNDLE_IDENTIFIER = "com.stephen-kac.FarAwayComparisonTests";
				PRODUCT_NAME = "$(TARGET_NAME)";
				SWIFT_VERSION = 5.0;
				TARGETED_DEVICE_FAMILY = "1,2";
				TEST_HOST = "$(BUILT_PRODUCTS_DIR)/FarAwayComparison.app/FarAwayComparison";
			};
			name = Debug;
		};
		CC8E5F7B23E1F8DA00893D8A /* Release */ = {
			isa = XCBuildConfiguration;
			buildSettings = {
				ALWAYS_EMBED_SWIFT_STANDARD_LIBRARIES = YES;
				BUNDLE_LOADER = "$(TEST_HOST)";
				CODE_SIGN_STYLE = Automatic;
				DEVELOPMENT_TEAM = N3S44ULQD4;
				INFOPLIST_FILE = UnitTests/Info.plist;
				IPHONEOS_DEPLOYMENT_TARGET = 13.0;
				LD_RUNPATH_SEARCH_PATHS = (
					"$(inherited)",
					"@executable_path/Frameworks",
					"@loader_path/Frameworks",
				);
				PRODUCT_BUNDLE_IDENTIFIER = "com.stephen-kac.FarAwayComparisonTests";
				PRODUCT_NAME = "$(TARGET_NAME)";
				SWIFT_VERSION = 5.0;
				TARGETED_DEVICE_FAMILY = "1,2";
				TEST_HOST = "$(BUILT_PRODUCTS_DIR)/FarAwayComparison.app/FarAwayComparison";
			};
			name = Release;
		};
		CC8E5F7D23E1F8DA00893D8A /* Debug */ = {
			isa = XCBuildConfiguration;
			buildSettings = {
				ALWAYS_EMBED_SWIFT_STANDARD_LIBRARIES = YES;
				CODE_SIGN_STYLE = Automatic;
				DEVELOPMENT_TEAM = N3S44ULQD4;
				INFOPLIST_FILE = UITests/Info.plist;
				LD_RUNPATH_SEARCH_PATHS = (
					"$(inherited)",
					"@executable_path/Frameworks",
					"@loader_path/Frameworks",
				);
				PRODUCT_BUNDLE_IDENTIFIER = "com.stephen-kac.FarAwayComparisonUITests";
				PRODUCT_NAME = "$(TARGET_NAME)";
				SWIFT_VERSION = 5.0;
				TARGETED_DEVICE_FAMILY = "1,2";
				TEST_TARGET_NAME = FarAwayComparison;
			};
			name = Debug;
		};
		CC8E5F7E23E1F8DA00893D8A /* Release */ = {
			isa = XCBuildConfiguration;
			buildSettings = {
				ALWAYS_EMBED_SWIFT_STANDARD_LIBRARIES = YES;
				CODE_SIGN_STYLE = Automatic;
				DEVELOPMENT_TEAM = N3S44ULQD4;
				INFOPLIST_FILE = UITests/Info.plist;
				LD_RUNPATH_SEARCH_PATHS = (
					"$(inherited)",
					"@executable_path/Frameworks",
					"@loader_path/Frameworks",
				);
				PRODUCT_BUNDLE_IDENTIFIER = "com.stephen-kac.FarAwayComparisonUITests";
				PRODUCT_NAME = "$(TARGET_NAME)";
				SWIFT_VERSION = 5.0;
				TARGETED_DEVICE_FAMILY = "1,2";
				TEST_TARGET_NAME = FarAwayComparison;
			};
			name = Release;
		};
/* End XCBuildConfiguration section */

/* Begin XCConfigurationList section */
		CC8E5F4723E1F8D900893D8A /* Build configuration list for PBXProject "FarAwayComparison" */ = {
			isa = XCConfigurationList;
			buildConfigurations = (
				CC8E5F7423E1F8DA00893D8A /* Debug */,
				CC8E5F7523E1F8DA00893D8A /* Release */,
			);
			defaultConfigurationIsVisible = 0;
			defaultConfigurationName = Release;
		};
		CC8E5F7623E1F8DA00893D8A /* Build configuration list for PBXNativeTarget "FarAwayComparison" */ = {
			isa = XCConfigurationList;
			buildConfigurations = (
				CC8E5F7723E1F8DA00893D8A /* Debug */,
				CC8E5F7823E1F8DA00893D8A /* Release */,
			);
			defaultConfigurationIsVisible = 0;
			defaultConfigurationName = Release;
		};
		CC8E5F7923E1F8DA00893D8A /* Build configuration list for PBXNativeTarget "FarAwayComparisonTests" */ = {
			isa = XCConfigurationList;
			buildConfigurations = (
				CC8E5F7A23E1F8DA00893D8A /* Debug */,
				CC8E5F7B23E1F8DA00893D8A /* Release */,
			);
			defaultConfigurationIsVisible = 0;
			defaultConfigurationName = Release;
		};
		CC8E5F7C23E1F8DA00893D8A /* Build configuration list for PBXNativeTarget "FarAwayComparisonUITests" */ = {
			isa = XCConfigurationList;
			buildConfigurations = (
				CC8E5F7D23E1F8DA00893D8A /* Debug */,
				CC8E5F7E23E1F8DA00893D8A /* Release */,
			);
			defaultConfigurationIsVisible = 0;
			defaultConfigurationName = Release;
		};
/* End XCConfigurationList section */

/* Begin XCRemoteSwiftPackageReference section */
		CC8E5F8023E2156600893D8A /* XCRemoteSwiftPackageReference "Alamofire" */ = {
			isa = XCRemoteSwiftPackageReference;
			repositoryURL = "https://github.com/Alamofire/Alamofire.git";
			requirement = {
				kind = upToNextMajorVersion;
				minimumVersion = 5.0.0;
			};
		};
/* End XCRemoteSwiftPackageReference section */

/* Begin XCSwiftPackageProductDependency section */
		CC8E5F8123E2156600893D8A /* Alamofire */ = {
			isa = XCSwiftPackageProductDependency;
			package = CC8E5F8023E2156600893D8A /* XCRemoteSwiftPackageReference "Alamofire" */;
			productName = Alamofire;
		};
/* End XCSwiftPackageProductDependency section */
	};
	rootObject = CC8E5F4423E1F8D900893D8A /* Project object */;
}
